
Microsoft Visual Studio Solution File, Format Version 12.00
# Visual Studio Version 17
VisualStudioVersion = 17.0.31903.59
MinimumVisualStudioVersion = 10.0.40219.1
Project("{FAE04EC0-301F-11D3-BF4B-00C04F79EFBC}") = "NotificationService.Api", "NotificationService.Api\NotificationService.Api.csproj", "{99714C38-7D9B-480A-8F5D-6B71AF6209C0}"
EndProject
Project("{FAE04EC0-301F-11D3-BF4B-00C04F79EFBC}") = "NotificationService.Application", "NotificationService.Application\NotificationService.Application.csproj", "{45A25363-FF4C-417E-8725-88447CEA95AB}"
EndProject
Project("{FAE04EC0-301F-11D3-BF4B-00C04F79EFBC}") = "NotificationService.Domain", "NotificationService.Domain\NotificationService.Domain.csproj", "{96C74ACB-A74B-4D19-AD96-18CEB549A5FA}"
EndProject
Project("{FAE04EC0-301F-11D3-BF4B-00C04F79EFBC}") = "NotificationService.Infrastructure", "NotificationService.Infrastructure\NotificationService.Infrastructure.csproj", "{27F96367-6D31-4E5A-9DF9-A01C93C86F66}"
EndProject
Global
	GlobalSection(SolutionConfigurationPlatforms) = preSolution
		Debug|Any CPU = Debug|Any CPU
		Debug|x64 = Debug|x64
		Debug|x86 = Debug|x86
		Release|Any CPU = Release|Any CPU
		Release|x64 = Release|x64
		Release|x86 = Release|x86
	EndGlobalSection
	GlobalSection(ProjectConfigurationPlatforms) = postSolution
		{99714C38-7D9B-480A-8F5D-6B71AF6209C0}.Debug|Any CPU.ActiveCfg = Debug|Any CPU
		{99714C38-7D9B-480A-8F5D-6B71AF6209C0}.Debug|Any CPU.Build.0 = Debug|Any CPU
		{99714C38-7D9B-480A-8F5D-6B71AF6209C0}.Debug|x64.ActiveCfg = Debug|Any CPU
		{99714C38-7D9B-480A-8F5D-6B71AF6209C0}.Debug|x64.Build.0 = Debug|Any CPU
		{99714C38-7D9B-480A-8F5D-6B71AF6209C0}.Debug|x86.ActiveCfg = Debug|Any CPU
		{99714C38-7D9B-480A-8F5D-6B71AF6209C0}.Debug|x86.Build.0 = Debug|Any CPU
		{99714C38-7D9B-480A-8F5D-6B71AF6209C0}.Release|Any CPU.ActiveCfg = Release|Any CPU
		{99714C38-7D9B-480A-8F5D-6B71AF6209C0}.Release|Any CPU.Build.0 = Release|Any CPU
		{99714C38-7D9B-480A-8F5D-6B71AF6209C0}.Release|x64.ActiveCfg = Release|Any CPU
		{99714C38-7D9B-480A-8F5D-6B71AF6209C0}.Release|x64.Build.0 = Release|Any CPU
		{99714C38-7D9B-480A-8F5D-6B71AF6209C0}.Release|x86.ActiveCfg = Release|Any CPU
		{99714C38-7D9B-480A-8F5D-6B71AF6209C0}.Release|x86.Build.0 = Release|Any CPU
		{45A25363-FF4C-417E-8725-88447CEA95AB}.Debug|Any CPU.ActiveCfg = Debug|Any CPU
		{45A25363-FF4C-417E-8725-88447CEA95AB}.Debug|Any CPU.Build.0 = Debug|Any CPU
		{45A25363-FF4C-417E-8725-88447CEA95AB}.Debug|x64.ActiveCfg = Debug|Any CPU
		{45A25363-FF4C-417E-8725-88447CEA95AB}.Debug|x64.Build.0 = Debug|Any CPU
		{45A25363-FF4C-417E-8725-88447CEA95AB}.Debug|x86.ActiveCfg = Debug|Any CPU
		{45A25363-FF4C-417E-8725-88447CEA95AB}.Debug|x86.Build.0 = Debug|Any CPU
		{45A25363-FF4C-417E-8725-88447CEA95AB}.Release|Any CPU.ActiveCfg = Release|Any CPU
		{45A25363-FF4C-417E-8725-88447CEA95AB}.Release|Any CPU.Build.0 = Release|Any CPU
		{45A25363-FF4C-417E-8725-88447CEA95AB}.Release|x64.ActiveCfg = Release|Any CPU
		{45A25363-FF4C-417E-8725-88447CEA95AB}.Release|x64.Build.0 = Release|Any CPU
		{45A25363-FF4C-417E-8725-88447CEA95AB}.Release|x86.ActiveCfg = Release|Any CPU
		{45A25363-FF4C-417E-8725-88447CEA95AB}.Release|x86.Build.0 = Release|Any CPU
		{96C74ACB-A74B-4D19-AD96-18CEB549A5FA}.Debug|Any CPU.ActiveCfg = Debug|Any CPU
		{96C74ACB-A74B-4D19-AD96-18CEB549A5FA}.Debug|Any CPU.Build.0 = Debug|Any CPU
		{96C74ACB-A74B-4D19-AD96-18CEB549A5FA}.Debug|x64.ActiveCfg = Debug|Any CPU
		{96C74ACB-A74B-4D19-AD96-18CEB549A5FA}.Debug|x64.Build.0 = Debug|Any CPU
		{96C74ACB-A74B-4D19-AD96-18CEB549A5FA}.Debug|x86.ActiveCfg = Debug|Any CPU
		{96C74ACB-A74B-4D19-AD96-18CEB549A5FA}.Debug|x86.Build.0 = Debug|Any CPU
		{96C74ACB-A74B-4D19-AD96-18CEB549A5FA}.Release|Any CPU.ActiveCfg = Release|Any CPU
		{96C74ACB-A74B-4D19-AD96-18CEB549A5FA}.Release|Any CPU.Build.0 = Release|Any CPU
		{96C74ACB-A74B-4D19-AD96-18CEB549A5FA}.Release|x64.ActiveCfg = Release|Any CPU
		{96C74ACB-A74B-4D19-AD96-18CEB549A5FA}.Release|x64.Build.0 = Release|Any CPU
		{96C74ACB-A74B-4D19-AD96-18CEB549A5FA}.Release|x86.ActiveCfg = Release|Any CPU
		{96C74ACB-A74B-4D19-AD96-18CEB549A5FA}.Release|x86.Build.0 = Release|Any CPU
		{27F96367-6D31-4E5A-9DF9-A01C93C86F66}.Debug|Any CPU.ActiveCfg = Debug|Any CPU
		{27F96367-6D31-4E5A-9DF9-A01C93C86F66}.Debug|Any CPU.Build.0 = Debug|Any CPU
		{27F96367-6D31-4E5A-9DF9-A01C93C86F66}.Debug|x64.ActiveCfg = Debug|Any CPU
		{27F96367-6D31-4E5A-9DF9-A01C93C86F66}.Debug|x64.Build.0 = Debug|Any CPU
		{27F96367-6D31-4E5A-9DF9-A01C93C86F66}.Debug|x86.ActiveCfg = Debug|Any CPU
		{27F96367-6D31-4E5A-9DF9-A01C93C86F66}.Debug|x86.Build.0 = Debug|Any CPU
		{27F96367-6D31-4E5A-9DF9-A01C93C86F66}.Release|Any CPU.ActiveCfg = Release|Any CPU
		{27F96367-6D31-4E5A-9DF9-A01C93C86F66}.Release|Any CPU.Build.0 = Release|Any CPU
		{27F96367-6D31-4E5A-9DF9-A01C93C86F66}.Release|x64.ActiveCfg = Release|Any CPU
		{27F96367-6D31-4E5A-9DF9-A01C93C86F66}.Release|x64.Build.0 = Release|Any CPU
		{27F96367-6D31-4E5A-9DF9-A01C93C86F66}.Release|x86.ActiveCfg = Release|Any CPU
		{27F96367-6D31-4E5A-9DF9-A01C93C86F66}.Release|x86.Build.0 = Release|Any CPU
	EndGlobalSection
	GlobalSection(SolutionProperties) = preSolution
		HideSolutionNode = FALSE
	EndGlobalSection
EndGlobal
