
Microsoft Visual Studio Solution File, Format Version 12.00
# Visual Studio Version 17
VisualStudioVersion = 17.0.31903.59
MinimumVisualStudioVersion = 10.0.40219.1
Project("{FAE04EC0-301F-11D3-BF4B-00C04F79EFBC}") = "AuthService.Api", "AuthService.Api\AuthService.Api.csproj", "{66C31695-FFC0-493E-AEFE-64D21F9B26D8}"
EndProject
Project("{FAE04EC0-301F-11D3-BF4B-00C04F79EFBC}") = "AuthService.Application", "AuthService.Application\AuthService.Application.csproj", "{3B5E321C-E629-41AD-BF94-F361414E7AA0}"
EndProject
Project("{FAE04EC0-301F-11D3-BF4B-00C04F79EFBC}") = "AuthService.Domain", "AuthService.Domain\AuthService.Domain.csproj", "{E420EEED-9756-405E-92CD-578BE2AB5C3A}"
EndProject
Project("{FAE04EC0-301F-11D3-BF4B-00C04F79EFBC}") = "AuthService.Infrastructure", "AuthService.Infrastructure\AuthService.Infrastructure.csproj", "{0CA0491D-2CCC-4C1F-83A3-B16D7CC6679E}"
EndProject
Global
	GlobalSection(SolutionConfigurationPlatforms) = preSolution
		Debug|Any CPU = Debug|Any CPU
		Debug|x64 = Debug|x64
		Debug|x86 = Debug|x86
		Release|Any CPU = Release|Any CPU
		Release|x64 = Release|x64
		Release|x86 = Release|x86
	EndGlobalSection
	GlobalSection(ProjectConfigurationPlatforms) = postSolution
		{66C31695-FFC0-493E-AEFE-64D21F9B26D8}.Debug|Any CPU.ActiveCfg = Debug|Any CPU
		{66C31695-FFC0-493E-AEFE-64D21F9B26D8}.Debug|Any CPU.Build.0 = Debug|Any CPU
		{66C31695-FFC0-493E-AEFE-64D21F9B26D8}.Debug|x64.ActiveCfg = Debug|Any CPU
		{66C31695-FFC0-493E-AEFE-64D21F9B26D8}.Debug|x64.Build.0 = Debug|Any CPU
		{66C31695-FFC0-493E-AEFE-64D21F9B26D8}.Debug|x86.ActiveCfg = Debug|Any CPU
		{66C31695-FFC0-493E-AEFE-64D21F9B26D8}.Debug|x86.Build.0 = Debug|Any CPU
		{66C31695-FFC0-493E-AEFE-64D21F9B26D8}.Release|Any CPU.ActiveCfg = Release|Any CPU
		{66C31695-FFC0-493E-AEFE-64D21F9B26D8}.Release|Any CPU.Build.0 = Release|Any CPU
		{66C31695-FFC0-493E-AEFE-64D21F9B26D8}.Release|x64.ActiveCfg = Release|Any CPU
		{66C31695-FFC0-493E-AEFE-64D21F9B26D8}.Release|x64.Build.0 = Release|Any CPU
		{66C31695-FFC0-493E-AEFE-64D21F9B26D8}.Release|x86.ActiveCfg = Release|Any CPU
		{66C31695-FFC0-493E-AEFE-64D21F9B26D8}.Release|x86.Build.0 = Release|Any CPU
		{3B5E321C-E629-41AD-BF94-F361414E7AA0}.Debug|Any CPU.ActiveCfg = Debug|Any CPU
		{3B5E321C-E629-41AD-BF94-F361414E7AA0}.Debug|Any CPU.Build.0 = Debug|Any CPU
		{3B5E321C-E629-41AD-BF94-F361414E7AA0}.Debug|x64.ActiveCfg = Debug|Any CPU
		{3B5E321C-E629-41AD-BF94-F361414E7AA0}.Debug|x64.Build.0 = Debug|Any CPU
		{3B5E321C-E629-41AD-BF94-F361414E7AA0}.Debug|x86.ActiveCfg = Debug|Any CPU
		{3B5E321C-E629-41AD-BF94-F361414E7AA0}.Debug|x86.Build.0 = Debug|Any CPU
		{3B5E321C-E629-41AD-BF94-F361414E7AA0}.Release|Any CPU.ActiveCfg = Release|Any CPU
		{3B5E321C-E629-41AD-BF94-F361414E7AA0}.Release|Any CPU.Build.0 = Release|Any CPU
		{3B5E321C-E629-41AD-BF94-F361414E7AA0}.Release|x64.ActiveCfg = Release|Any CPU
		{3B5E321C-E629-41AD-BF94-F361414E7AA0}.Release|x64.Build.0 = Release|Any CPU
		{3B5E321C-E629-41AD-BF94-F361414E7AA0}.Release|x86.ActiveCfg = Release|Any CPU
		{3B5E321C-E629-41AD-BF94-F361414E7AA0}.Release|x86.Build.0 = Release|Any CPU
		{E420EEED-9756-405E-92CD-578BE2AB5C3A}.Debug|Any CPU.ActiveCfg = Debug|Any CPU
		{E420EEED-9756-405E-92CD-578BE2AB5C3A}.Debug|Any CPU.Build.0 = Debug|Any CPU
		{E420EEED-9756-405E-92CD-578BE2AB5C3A}.Debug|x64.ActiveCfg = Debug|Any CPU
		{E420EEED-9756-405E-92CD-578BE2AB5C3A}.Debug|x64.Build.0 = Debug|Any CPU
		{E420EEED-9756-405E-92CD-578BE2AB5C3A}.Debug|x86.ActiveCfg = Debug|Any CPU
		{E420EEED-9756-405E-92CD-578BE2AB5C3A}.Debug|x86.Build.0 = Debug|Any CPU
		{E420EEED-9756-405E-92CD-578BE2AB5C3A}.Release|Any CPU.ActiveCfg = Release|Any CPU
		{E420EEED-9756-405E-92CD-578BE2AB5C3A}.Release|Any CPU.Build.0 = Release|Any CPU
		{E420EEED-9756-405E-92CD-578BE2AB5C3A}.Release|x64.ActiveCfg = Release|Any CPU
		{E420EEED-9756-405E-92CD-578BE2AB5C3A}.Release|x64.Build.0 = Release|Any CPU
		{E420EEED-9756-405E-92CD-578BE2AB5C3A}.Release|x86.ActiveCfg = Release|Any CPU
		{E420EEED-9756-405E-92CD-578BE2AB5C3A}.Release|x86.Build.0 = Release|Any CPU
		{0CA0491D-2CCC-4C1F-83A3-B16D7CC6679E}.Debug|Any CPU.ActiveCfg = Debug|Any CPU
		{0CA0491D-2CCC-4C1F-83A3-B16D7CC6679E}.Debug|Any CPU.Build.0 = Debug|Any CPU
		{0CA0491D-2CCC-4C1F-83A3-B16D7CC6679E}.Debug|x64.ActiveCfg = Debug|Any CPU
		{0CA0491D-2CCC-4C1F-83A3-B16D7CC6679E}.Debug|x64.Build.0 = Debug|Any CPU
		{0CA0491D-2CCC-4C1F-83A3-B16D7CC6679E}.Debug|x86.ActiveCfg = Debug|Any CPU
		{0CA0491D-2CCC-4C1F-83A3-B16D7CC6679E}.Debug|x86.Build.0 = Debug|Any CPU
		{0CA0491D-2CCC-4C1F-83A3-B16D7CC6679E}.Release|Any CPU.ActiveCfg = Release|Any CPU
		{0CA0491D-2CCC-4C1F-83A3-B16D7CC6679E}.Release|Any CPU.Build.0 = Release|Any CPU
		{0CA0491D-2CCC-4C1F-83A3-B16D7CC6679E}.Release|x64.ActiveCfg = Release|Any CPU
		{0CA0491D-2CCC-4C1F-83A3-B16D7CC6679E}.Release|x64.Build.0 = Release|Any CPU
		{0CA0491D-2CCC-4C1F-83A3-B16D7CC6679E}.Release|x86.ActiveCfg = Release|Any CPU
		{0CA0491D-2CCC-4C1F-83A3-B16D7CC6679E}.Release|x86.Build.0 = Release|Any CPU
	EndGlobalSection
	GlobalSection(SolutionProperties) = preSolution
		HideSolutionNode = FALSE
	EndGlobalSection
EndGlobal
