
Microsoft Visual Studio Solution File, Format Version 12.00
# Visual Studio Version 17
VisualStudioVersion = 17.0.31903.59
MinimumVisualStudioVersion = 10.0.40219.1
Project("{FAE04EC0-301F-11D3-BF4B-00C04F79EFBC}") = "AffiliateService.Api", "AffiliateService.Api\AffiliateService.Api.csproj", "{AB9C5C5E-4160-489F-8E66-66C3010449BE}"
EndProject
Project("{FAE04EC0-301F-11D3-BF4B-00C04F79EFBC}") = "AffiliateService.Application", "AffiliateService.Application\AffiliateService.Application.csproj", "{716FC2FC-A3BF-4ECC-BA7E-0221FDF8F0DF}"
EndProject
Project("{FAE04EC0-301F-11D3-BF4B-00C04F79EFBC}") = "AffiliateService.Domain", "AffiliateService.Domain\AffiliateService.Domain.csproj", "{0CCD66EC-C1D9-49A5-9DE9-7ED524207B7D}"
EndProject
Project("{FAE04EC0-301F-11D3-BF4B-00C04F79EFBC}") = "AffiliateService.Infrastructure", "AffiliateService.Infrastructure\AffiliateService.Infrastructure.csproj", "{5B20FD1F-3763-442E-80F9-EDE42FC2AE67}"
EndProject
Global
	GlobalSection(SolutionConfigurationPlatforms) = preSolution
		Debug|Any CPU = Debug|Any CPU
		Debug|x64 = Debug|x64
		Debug|x86 = Debug|x86
		Release|Any CPU = Release|Any CPU
		Release|x64 = Release|x64
		Release|x86 = Release|x86
	EndGlobalSection
	GlobalSection(ProjectConfigurationPlatforms) = postSolution
		{AB9C5C5E-4160-489F-8E66-66C3010449BE}.Debug|Any CPU.ActiveCfg = Debug|Any CPU
		{AB9C5C5E-4160-489F-8E66-66C3010449BE}.Debug|Any CPU.Build.0 = Debug|Any CPU
		{AB9C5C5E-4160-489F-8E66-66C3010449BE}.Debug|x64.ActiveCfg = Debug|Any CPU
		{AB9C5C5E-4160-489F-8E66-66C3010449BE}.Debug|x64.Build.0 = Debug|Any CPU
		{AB9C5C5E-4160-489F-8E66-66C3010449BE}.Debug|x86.ActiveCfg = Debug|Any CPU
		{AB9C5C5E-4160-489F-8E66-66C3010449BE}.Debug|x86.Build.0 = Debug|Any CPU
		{AB9C5C5E-4160-489F-8E66-66C3010449BE}.Release|Any CPU.ActiveCfg = Release|Any CPU
		{AB9C5C5E-4160-489F-8E66-66C3010449BE}.Release|Any CPU.Build.0 = Release|Any CPU
		{AB9C5C5E-4160-489F-8E66-66C3010449BE}.Release|x64.ActiveCfg = Release|Any CPU
		{AB9C5C5E-4160-489F-8E66-66C3010449BE}.Release|x64.Build.0 = Release|Any CPU
		{AB9C5C5E-4160-489F-8E66-66C3010449BE}.Release|x86.ActiveCfg = Release|Any CPU
		{AB9C5C5E-4160-489F-8E66-66C3010449BE}.Release|x86.Build.0 = Release|Any CPU
		{716FC2FC-A3BF-4ECC-BA7E-0221FDF8F0DF}.Debug|Any CPU.ActiveCfg = Debug|Any CPU
		{716FC2FC-A3BF-4ECC-BA7E-0221FDF8F0DF}.Debug|Any CPU.Build.0 = Debug|Any CPU
		{716FC2FC-A3BF-4ECC-BA7E-0221FDF8F0DF}.Debug|x64.ActiveCfg = Debug|Any CPU
		{716FC2FC-A3BF-4ECC-BA7E-0221FDF8F0DF}.Debug|x64.Build.0 = Debug|Any CPU
		{716FC2FC-A3BF-4ECC-BA7E-0221FDF8F0DF}.Debug|x86.ActiveCfg = Debug|Any CPU
		{716FC2FC-A3BF-4ECC-BA7E-0221FDF8F0DF}.Debug|x86.Build.0 = Debug|Any CPU
		{716FC2FC-A3BF-4ECC-BA7E-0221FDF8F0DF}.Release|Any CPU.ActiveCfg = Release|Any CPU
		{716FC2FC-A3BF-4ECC-BA7E-0221FDF8F0DF}.Release|Any CPU.Build.0 = Release|Any CPU
		{716FC2FC-A3BF-4ECC-BA7E-0221FDF8F0DF}.Release|x64.ActiveCfg = Release|Any CPU
		{716FC2FC-A3BF-4ECC-BA7E-0221FDF8F0DF}.Release|x64.Build.0 = Release|Any CPU
		{716FC2FC-A3BF-4ECC-BA7E-0221FDF8F0DF}.Release|x86.ActiveCfg = Release|Any CPU
		{716FC2FC-A3BF-4ECC-BA7E-0221FDF8F0DF}.Release|x86.Build.0 = Release|Any CPU
		{0CCD66EC-C1D9-49A5-9DE9-7ED524207B7D}.Debug|Any CPU.ActiveCfg = Debug|Any CPU
		{0CCD66EC-C1D9-49A5-9DE9-7ED524207B7D}.Debug|Any CPU.Build.0 = Debug|Any CPU
		{0CCD66EC-C1D9-49A5-9DE9-7ED524207B7D}.Debug|x64.ActiveCfg = Debug|Any CPU
		{0CCD66EC-C1D9-49A5-9DE9-7ED524207B7D}.Debug|x64.Build.0 = Debug|Any CPU
		{0CCD66EC-C1D9-49A5-9DE9-7ED524207B7D}.Debug|x86.ActiveCfg = Debug|Any CPU
		{0CCD66EC-C1D9-49A5-9DE9-7ED524207B7D}.Debug|x86.Build.0 = Debug|Any CPU
		{0CCD66EC-C1D9-49A5-9DE9-7ED524207B7D}.Release|Any CPU.ActiveCfg = Release|Any CPU
		{0CCD66EC-C1D9-49A5-9DE9-7ED524207B7D}.Release|Any CPU.Build.0 = Release|Any CPU
		{0CCD66EC-C1D9-49A5-9DE9-7ED524207B7D}.Release|x64.ActiveCfg = Release|Any CPU
		{0CCD66EC-C1D9-49A5-9DE9-7ED524207B7D}.Release|x64.Build.0 = Release|Any CPU
		{0CCD66EC-C1D9-49A5-9DE9-7ED524207B7D}.Release|x86.ActiveCfg = Release|Any CPU
		{0CCD66EC-C1D9-49A5-9DE9-7ED524207B7D}.Release|x86.Build.0 = Release|Any CPU
		{5B20FD1F-3763-442E-80F9-EDE42FC2AE67}.Debug|Any CPU.ActiveCfg = Debug|Any CPU
		{5B20FD1F-3763-442E-80F9-EDE42FC2AE67}.Debug|Any CPU.Build.0 = Debug|Any CPU
		{5B20FD1F-3763-442E-80F9-EDE42FC2AE67}.Debug|x64.ActiveCfg = Debug|Any CPU
		{5B20FD1F-3763-442E-80F9-EDE42FC2AE67}.Debug|x64.Build.0 = Debug|Any CPU
		{5B20FD1F-3763-442E-80F9-EDE42FC2AE67}.Debug|x86.ActiveCfg = Debug|Any CPU
		{5B20FD1F-3763-442E-80F9-EDE42FC2AE67}.Debug|x86.Build.0 = Debug|Any CPU
		{5B20FD1F-3763-442E-80F9-EDE42FC2AE67}.Release|Any CPU.ActiveCfg = Release|Any CPU
		{5B20FD1F-3763-442E-80F9-EDE42FC2AE67}.Release|Any CPU.Build.0 = Release|Any CPU
		{5B20FD1F-3763-442E-80F9-EDE42FC2AE67}.Release|x64.ActiveCfg = Release|Any CPU
		{5B20FD1F-3763-442E-80F9-EDE42FC2AE67}.Release|x64.Build.0 = Release|Any CPU
		{5B20FD1F-3763-442E-80F9-EDE42FC2AE67}.Release|x86.ActiveCfg = Release|Any CPU
		{5B20FD1F-3763-442E-80F9-EDE42FC2AE67}.Release|x86.Build.0 = Release|Any CPU
	EndGlobalSection
	GlobalSection(SolutionProperties) = preSolution
		HideSolutionNode = FALSE
	EndGlobalSection
EndGlobal
