
Microsoft Visual Studio Solution File, Format Version 12.00
# Visual Studio Version 17
VisualStudioVersion = 17.0.31903.59
MinimumVisualStudioVersion = 10.0.40219.1
Project("{FAE04EC0-301F-11D3-BF4B-00C04F79EFBC}") = "ApiGateway", "ApiGateway\ApiGateway.csproj", "{9871BA45-3418-48EB-9647-FCF28F1BA9D1}"
EndProject
Project("{2150E333-8FDC-42A3-9474-1A3956D46DE8}") = "Shared", "Shared", "{4F52FD11-658E-A102-6CD3-7D7C16FFA15B}"
EndProject
Project("{FAE04EC0-301F-11D3-BF4B-00C04F79EFBC}") = "BuildingBlocks", "Shared\BuildingBlocks\BuildingBlocks.csproj", "{38C42588-1AD8-4B74-9092-4346F7979A5C}"
EndProject
Project("{FAE04EC0-301F-11D3-BF4B-00C04F79EFBC}") = "Common", "Shared\Common\Common.csproj", "{97388253-B195-4A2C-9D50-1481FA608CBA}"
EndProject
Project("{FAE04EC0-301F-11D3-BF4B-00C04F79EFBC}") = "EventContracts", "Shared\EventContracts\EventContracts.csproj", "{D34BBDDE-4AD6-4835-BE4E-E1A8E59AC716}"
EndProject
Project("{FAE04EC0-301F-11D3-BF4B-00C04F79EFBC}") = "Infrastructure", "Shared\Infrastructure\Infrastructure.csproj", "{0213FDA2-1675-4C3F-A7F1-02D2E212647C}"
EndProject
Project("{2150E333-8FDC-42A3-9474-1A3956D46DE8}") = "Services", "Services", "{5854FF58-B8C5-05C6-5BF2-ACE42193F22B}"
EndProject
Project("{2150E333-8FDC-42A3-9474-1A3956D46DE8}") = "AuthService", "AuthService", "{378295AF-C144-6721-7CFF-8DE6E58ED8C7}"
EndProject
Project("{FAE04EC0-301F-11D3-BF4B-00C04F79EFBC}") = "AuthService.Api", "Services\AuthService\AuthService.Api\AuthService.Api.csproj", "{6C3E52A5-2C01-4829-9209-22874C792803}"
EndProject
Project("{FAE04EC0-301F-11D3-BF4B-00C04F79EFBC}") = "AuthService.Application", "Services\AuthService\AuthService.Application\AuthService.Application.csproj", "{A10EE5EF-F5AB-487D-B964-C55679571C2D}"
EndProject
Project("{FAE04EC0-301F-11D3-BF4B-00C04F79EFBC}") = "AuthService.Domain", "Services\AuthService\AuthService.Domain\AuthService.Domain.csproj", "{5E6ECB5C-98EC-4685-A9E9-734D6B6A1321}"
EndProject
Project("{FAE04EC0-301F-11D3-BF4B-00C04F79EFBC}") = "AuthService.Infrastructure", "Services\AuthService\AuthService.Infrastructure\AuthService.Infrastructure.csproj", "{073D3205-30AE-4BD5-B28B-AD44073218AE}"
EndProject
Project("{2150E333-8FDC-42A3-9474-1A3956D46DE8}") = "UserService", "UserService", "{478E6461-DE7A-4D22-8E1A-CDA781F58E7C}"
EndProject
Project("{FAE04EC0-301F-11D3-BF4B-00C04F79EFBC}") = "UserService.Api", "Services\UserService\UserService.Api\UserService.Api.csproj", "{BDA5D424-2F4D-4CAD-83CC-656DEEE2F682}"
EndProject
Project("{FAE04EC0-301F-11D3-BF4B-00C04F79EFBC}") = "UserService.Infrastructure", "Services\UserService\UserService.Infrastructure\UserService.Infrastructure.csproj", "{D730A7CB-99FE-48F9-9FC8-6CB56F7F1892}"
EndProject
Project("{FAE04EC0-301F-11D3-BF4B-00C04F79EFBC}") = "UserService.Domain", "Services\UserService\UserService.Domain\UserService.Domain.csproj", "{6955B27A-EBB2-452D-8460-CE3B1855A6B4}"
EndProject
Project("{FAE04EC0-301F-11D3-BF4B-00C04F79EFBC}") = "UserService.Application", "Services\UserService\UserService.Application\UserService.Application.csproj", "{037A1909-9931-4EA7-A76D-447F789F77EA}"
EndProject
Project("{2150E333-8FDC-42A3-9474-1A3956D46DE8}") = "PostService", "PostService", "{CB269384-0C7F-461D-BEBB-44454656935D}"
EndProject
Project("{FAE04EC0-301F-11D3-BF4B-00C04F79EFBC}") = "PostService.Api", "Services\PostService\PostService.Api\PostService.Api.csproj", "{A4C8B1B9-386C-4A26-B6C3-A296FB7395A9}"
EndProject
Project("{FAE04EC0-301F-11D3-BF4B-00C04F79EFBC}") = "PostService.Application", "Services\PostService\PostService.Application\PostService.Application.csproj", "{3B521539-0C72-4A05-99AC-3EC682619727}"
EndProject
Project("{FAE04EC0-301F-11D3-BF4B-00C04F79EFBC}") = "PostService.Infrastructure", "Services\PostService\PostService.Infrastructure\PostService.Infrastructure.csproj", "{76216B7C-BD0F-40AC-94A5-711518830C07}"
EndProject
Project("{FAE04EC0-301F-11D3-BF4B-00C04F79EFBC}") = "PostService.Domain", "Services\PostService\PostService.Domain\PostService.Domain.csproj", "{982A8439-D56D-41E2-834F-CA0E89146007}"
EndProject
Project("{2150E333-8FDC-42A3-9474-1A3956D46DE8}") = "VoucherService", "VoucherService", "{248E3BD9-7D2F-467B-B616-2C2045844F0B}"
EndProject
Project("{FAE04EC0-301F-11D3-BF4B-00C04F79EFBC}") = "VoucherService.Api", "Services\VoucherService\VoucherService.Api\VoucherService.Api.csproj", "{88308C8B-56F1-44BF-9AA5-B9A193B11044}"
EndProject
Project("{FAE04EC0-301F-11D3-BF4B-00C04F79EFBC}") = "VoucherService.Application", "Services\VoucherService\VoucherService.Application\VoucherService.Application.csproj", "{2AACAA8B-28D1-4C1B-A3C5-237C4642E351}"
EndProject
Project("{FAE04EC0-301F-11D3-BF4B-00C04F79EFBC}") = "VoucherService.Domain", "Services\VoucherService\VoucherService.Domain\VoucherService.Domain.csproj", "{1FDF68CD-09BF-4672-861C-DDC6DE6AA9D1}"
EndProject
Project("{FAE04EC0-301F-11D3-BF4B-00C04F79EFBC}") = "VoucherService.Infrastructure", "Services\VoucherService\VoucherService.Infrastructure\VoucherService.Infrastructure.csproj", "{23441254-C4BB-4E79-B275-7A36FFAF4EDD}"
EndProject
Project("{2150E333-8FDC-42A3-9474-1A3956D46DE8}") = "AffiliateService", "AffiliateService", "{61D7D289-8A44-40F6-A5CF-6A8F9B1BD6FC}"
EndProject
Project("{FAE04EC0-301F-11D3-BF4B-00C04F79EFBC}") = "AffiliateService.Api", "Services\AffiliateService\AffiliateService.Api\AffiliateService.Api.csproj", "{08586A96-A23A-467F-B381-D03E86E96BE0}"
EndProject
Project("{FAE04EC0-301F-11D3-BF4B-00C04F79EFBC}") = "AffiliateService.Application", "Services\AffiliateService\AffiliateService.Application\AffiliateService.Application.csproj", "{8D77280C-1E89-43DC-8905-50BCD6F9271E}"
EndProject
Project("{FAE04EC0-301F-11D3-BF4B-00C04F79EFBC}") = "AffiliateService.Domain", "Services\AffiliateService\AffiliateService.Domain\AffiliateService.Domain.csproj", "{6532D2F4-2672-4B25-9924-B0C3B095498A}"
EndProject
Project("{FAE04EC0-301F-11D3-BF4B-00C04F79EFBC}") = "AffiliateService.Infrastructure", "Services\AffiliateService\AffiliateService.Infrastructure\AffiliateService.Infrastructure.csproj", "{BDF7B46F-7847-4A2C-BB80-FDE0D9885176}"
EndProject
Project("{2150E333-8FDC-42A3-9474-1A3956D46DE8}") = "NotificationService", "NotificationService", "{77A72A75-F8B6-4511-8809-9865DA1BC6AC}"
EndProject
Project("{FAE04EC0-301F-11D3-BF4B-00C04F79EFBC}") = "NotificationService.Api", "Services\NotificationService\NotificationService.Api\NotificationService.Api.csproj", "{3764EA3F-8C29-4E11-8408-6080DA99C8FC}"
EndProject
Project("{FAE04EC0-301F-11D3-BF4B-00C04F79EFBC}") = "NotificationService.Application", "Services\NotificationService\NotificationService.Application\NotificationService.Application.csproj", "{6A2CADB6-781E-4896-A5CB-889A2BDFFAEA}"
EndProject
Project("{FAE04EC0-301F-11D3-BF4B-00C04F79EFBC}") = "NotificationService.Domain", "Services\NotificationService\NotificationService.Domain\NotificationService.Domain.csproj", "{9C4F870C-EB76-47FD-8C28-E2B5D6AB6152}"
EndProject
Project("{FAE04EC0-301F-11D3-BF4B-00C04F79EFBC}") = "NotificationService.Infrastructure", "Services\NotificationService\NotificationService.Infrastructure\NotificationService.Infrastructure.csproj", "{2E167398-24FB-4536-930A-1C2A881CE10E}"
EndProject
Project("{2150E333-8FDC-42A3-9474-1A3956D46DE8}") = "TaskService", "TaskService", "{F17E5BF0-C698-4880-840B-D3869A502498}"
EndProject
Project("{FAE04EC0-301F-11D3-BF4B-00C04F79EFBC}") = "TaskService.Consumers", "Services\TaskService\TaskService.Consumers\TaskService.Consumers.csproj", "{9485D3CD-F9FE-4D66-946C-F11EA6B17350}"
EndProject
Project("{FAE04EC0-301F-11D3-BF4B-00C04F79EFBC}") = "TaskService.Jobs", "Services\TaskService\TaskService.Jobs\TaskService.Jobs.csproj", "{682A6618-57A3-4D56-81AD-BB69486CA110}"
EndProject
Project("{FAE04EC0-301F-11D3-BF4B-00C04F79EFBC}") = "TaskService.Worker", "Services\TaskService\TaskService.Worker\TaskService.Worker.csproj", "{9C925EE6-651F-4CE1-AEC7-8B3017ACA663}"
EndProject
Global
	GlobalSection(SolutionConfigurationPlatforms) = preSolution
		Debug|Any CPU = Debug|Any CPU
		Debug|x64 = Debug|x64
		Debug|x86 = Debug|x86
		Release|Any CPU = Release|Any CPU
		Release|x64 = Release|x64
		Release|x86 = Release|x86
	EndGlobalSection
	GlobalSection(ProjectConfigurationPlatforms) = postSolution
		{9871BA45-3418-48EB-9647-FCF28F1BA9D1}.Debug|Any CPU.ActiveCfg = Debug|Any CPU
		{9871BA45-3418-48EB-9647-FCF28F1BA9D1}.Debug|Any CPU.Build.0 = Debug|Any CPU
		{9871BA45-3418-48EB-9647-FCF28F1BA9D1}.Debug|x64.ActiveCfg = Debug|Any CPU
		{9871BA45-3418-48EB-9647-FCF28F1BA9D1}.Debug|x64.Build.0 = Debug|Any CPU
		{9871BA45-3418-48EB-9647-FCF28F1BA9D1}.Debug|x86.ActiveCfg = Debug|Any CPU
		{9871BA45-3418-48EB-9647-FCF28F1BA9D1}.Debug|x86.Build.0 = Debug|Any CPU
		{9871BA45-3418-48EB-9647-FCF28F1BA9D1}.Release|Any CPU.ActiveCfg = Release|Any CPU
		{9871BA45-3418-48EB-9647-FCF28F1BA9D1}.Release|Any CPU.Build.0 = Release|Any CPU
		{9871BA45-3418-48EB-9647-FCF28F1BA9D1}.Release|x64.ActiveCfg = Release|Any CPU
		{9871BA45-3418-48EB-9647-FCF28F1BA9D1}.Release|x64.Build.0 = Release|Any CPU
		{9871BA45-3418-48EB-9647-FCF28F1BA9D1}.Release|x86.ActiveCfg = Release|Any CPU
		{9871BA45-3418-48EB-9647-FCF28F1BA9D1}.Release|x86.Build.0 = Release|Any CPU
		{38C42588-1AD8-4B74-9092-4346F7979A5C}.Debug|Any CPU.ActiveCfg = Debug|Any CPU
		{38C42588-1AD8-4B74-9092-4346F7979A5C}.Debug|Any CPU.Build.0 = Debug|Any CPU
		{38C42588-1AD8-4B74-9092-4346F7979A5C}.Debug|x64.ActiveCfg = Debug|Any CPU
		{38C42588-1AD8-4B74-9092-4346F7979A5C}.Debug|x64.Build.0 = Debug|Any CPU
		{38C42588-1AD8-4B74-9092-4346F7979A5C}.Debug|x86.ActiveCfg = Debug|Any CPU
		{38C42588-1AD8-4B74-9092-4346F7979A5C}.Debug|x86.Build.0 = Debug|Any CPU
		{38C42588-1AD8-4B74-9092-4346F7979A5C}.Release|Any CPU.ActiveCfg = Release|Any CPU
		{38C42588-1AD8-4B74-9092-4346F7979A5C}.Release|Any CPU.Build.0 = Release|Any CPU
		{38C42588-1AD8-4B74-9092-4346F7979A5C}.Release|x64.ActiveCfg = Release|Any CPU
		{38C42588-1AD8-4B74-9092-4346F7979A5C}.Release|x64.Build.0 = Release|Any CPU
		{38C42588-1AD8-4B74-9092-4346F7979A5C}.Release|x86.ActiveCfg = Release|Any CPU
		{38C42588-1AD8-4B74-9092-4346F7979A5C}.Release|x86.Build.0 = Release|Any CPU
		{97388253-B195-4A2C-9D50-1481FA608CBA}.Debug|Any CPU.ActiveCfg = Debug|Any CPU
		{97388253-B195-4A2C-9D50-1481FA608CBA}.Debug|Any CPU.Build.0 = Debug|Any CPU
		{97388253-B195-4A2C-9D50-1481FA608CBA}.Debug|x64.ActiveCfg = Debug|Any CPU
		{97388253-B195-4A2C-9D50-1481FA608CBA}.Debug|x64.Build.0 = Debug|Any CPU
		{97388253-B195-4A2C-9D50-1481FA608CBA}.Debug|x86.ActiveCfg = Debug|Any CPU
		{97388253-B195-4A2C-9D50-1481FA608CBA}.Debug|x86.Build.0 = Debug|Any CPU
		{97388253-B195-4A2C-9D50-1481FA608CBA}.Release|Any CPU.ActiveCfg = Release|Any CPU
		{97388253-B195-4A2C-9D50-1481FA608CBA}.Release|Any CPU.Build.0 = Release|Any CPU
		{97388253-B195-4A2C-9D50-1481FA608CBA}.Release|x64.ActiveCfg = Release|Any CPU
		{97388253-B195-4A2C-9D50-1481FA608CBA}.Release|x64.Build.0 = Release|Any CPU
		{97388253-B195-4A2C-9D50-1481FA608CBA}.Release|x86.ActiveCfg = Release|Any CPU
		{97388253-B195-4A2C-9D50-1481FA608CBA}.Release|x86.Build.0 = Release|Any CPU
		{D34BBDDE-4AD6-4835-BE4E-E1A8E59AC716}.Debug|Any CPU.ActiveCfg = Debug|Any CPU
		{D34BBDDE-4AD6-4835-BE4E-E1A8E59AC716}.Debug|Any CPU.Build.0 = Debug|Any CPU
		{D34BBDDE-4AD6-4835-BE4E-E1A8E59AC716}.Debug|x64.ActiveCfg = Debug|Any CPU
		{D34BBDDE-4AD6-4835-BE4E-E1A8E59AC716}.Debug|x64.Build.0 = Debug|Any CPU
		{D34BBDDE-4AD6-4835-BE4E-E1A8E59AC716}.Debug|x86.ActiveCfg = Debug|Any CPU
		{D34BBDDE-4AD6-4835-BE4E-E1A8E59AC716}.Debug|x86.Build.0 = Debug|Any CPU
		{D34BBDDE-4AD6-4835-BE4E-E1A8E59AC716}.Release|Any CPU.ActiveCfg = Release|Any CPU
		{D34BBDDE-4AD6-4835-BE4E-E1A8E59AC716}.Release|Any CPU.Build.0 = Release|Any CPU
		{D34BBDDE-4AD6-4835-BE4E-E1A8E59AC716}.Release|x64.ActiveCfg = Release|Any CPU
		{D34BBDDE-4AD6-4835-BE4E-E1A8E59AC716}.Release|x64.Build.0 = Release|Any CPU
		{D34BBDDE-4AD6-4835-BE4E-E1A8E59AC716}.Release|x86.ActiveCfg = Release|Any CPU
		{D34BBDDE-4AD6-4835-BE4E-E1A8E59AC716}.Release|x86.Build.0 = Release|Any CPU
		{0213FDA2-1675-4C3F-A7F1-02D2E212647C}.Debug|Any CPU.ActiveCfg = Debug|Any CPU
		{0213FDA2-1675-4C3F-A7F1-02D2E212647C}.Debug|Any CPU.Build.0 = Debug|Any CPU
		{0213FDA2-1675-4C3F-A7F1-02D2E212647C}.Debug|x64.ActiveCfg = Debug|Any CPU
		{0213FDA2-1675-4C3F-A7F1-02D2E212647C}.Debug|x64.Build.0 = Debug|Any CPU
		{0213FDA2-1675-4C3F-A7F1-02D2E212647C}.Debug|x86.ActiveCfg = Debug|Any CPU
		{0213FDA2-1675-4C3F-A7F1-02D2E212647C}.Debug|x86.Build.0 = Debug|Any CPU
		{0213FDA2-1675-4C3F-A7F1-02D2E212647C}.Release|Any CPU.ActiveCfg = Release|Any CPU
		{0213FDA2-1675-4C3F-A7F1-02D2E212647C}.Release|Any CPU.Build.0 = Release|Any CPU
		{0213FDA2-1675-4C3F-A7F1-02D2E212647C}.Release|x64.ActiveCfg = Release|Any CPU
		{0213FDA2-1675-4C3F-A7F1-02D2E212647C}.Release|x64.Build.0 = Release|Any CPU
		{0213FDA2-1675-4C3F-A7F1-02D2E212647C}.Release|x86.ActiveCfg = Release|Any CPU
		{0213FDA2-1675-4C3F-A7F1-02D2E212647C}.Release|x86.Build.0 = Release|Any CPU
		{6C3E52A5-2C01-4829-9209-22874C792803}.Debug|Any CPU.ActiveCfg = Debug|Any CPU
		{6C3E52A5-2C01-4829-9209-22874C792803}.Debug|Any CPU.Build.0 = Debug|Any CPU
		{6C3E52A5-2C01-4829-9209-22874C792803}.Debug|x64.ActiveCfg = Debug|Any CPU
		{6C3E52A5-2C01-4829-9209-22874C792803}.Debug|x64.Build.0 = Debug|Any CPU
		{6C3E52A5-2C01-4829-9209-22874C792803}.Debug|x86.ActiveCfg = Debug|Any CPU
		{6C3E52A5-2C01-4829-9209-22874C792803}.Debug|x86.Build.0 = Debug|Any CPU
		{6C3E52A5-2C01-4829-9209-22874C792803}.Release|Any CPU.ActiveCfg = Release|Any CPU
		{6C3E52A5-2C01-4829-9209-22874C792803}.Release|Any CPU.Build.0 = Release|Any CPU
		{6C3E52A5-2C01-4829-9209-22874C792803}.Release|x64.ActiveCfg = Release|Any CPU
		{6C3E52A5-2C01-4829-9209-22874C792803}.Release|x64.Build.0 = Release|Any CPU
		{6C3E52A5-2C01-4829-9209-22874C792803}.Release|x86.ActiveCfg = Release|Any CPU
		{6C3E52A5-2C01-4829-9209-22874C792803}.Release|x86.Build.0 = Release|Any CPU
		{A10EE5EF-F5AB-487D-B964-C55679571C2D}.Debug|Any CPU.ActiveCfg = Debug|Any CPU
		{A10EE5EF-F5AB-487D-B964-C55679571C2D}.Debug|Any CPU.Build.0 = Debug|Any CPU
		{A10EE5EF-F5AB-487D-B964-C55679571C2D}.Debug|x64.ActiveCfg = Debug|Any CPU
		{A10EE5EF-F5AB-487D-B964-C55679571C2D}.Debug|x64.Build.0 = Debug|Any CPU
		{A10EE5EF-F5AB-487D-B964-C55679571C2D}.Debug|x86.ActiveCfg = Debug|Any CPU
		{A10EE5EF-F5AB-487D-B964-C55679571C2D}.Debug|x86.Build.0 = Debug|Any CPU
		{A10EE5EF-F5AB-487D-B964-C55679571C2D}.Release|Any CPU.ActiveCfg = Release|Any CPU
		{A10EE5EF-F5AB-487D-B964-C55679571C2D}.Release|Any CPU.Build.0 = Release|Any CPU
		{A10EE5EF-F5AB-487D-B964-C55679571C2D}.Release|x64.ActiveCfg = Release|Any CPU
		{A10EE5EF-F5AB-487D-B964-C55679571C2D}.Release|x64.Build.0 = Release|Any CPU
		{A10EE5EF-F5AB-487D-B964-C55679571C2D}.Release|x86.ActiveCfg = Release|Any CPU
		{A10EE5EF-F5AB-487D-B964-C55679571C2D}.Release|x86.Build.0 = Release|Any CPU
		{5E6ECB5C-98EC-4685-A9E9-734D6B6A1321}.Debug|Any CPU.ActiveCfg = Debug|Any CPU
		{5E6ECB5C-98EC-4685-A9E9-734D6B6A1321}.Debug|Any CPU.Build.0 = Debug|Any CPU
		{5E6ECB5C-98EC-4685-A9E9-734D6B6A1321}.Debug|x64.ActiveCfg = Debug|Any CPU
		{5E6ECB5C-98EC-4685-A9E9-734D6B6A1321}.Debug|x64.Build.0 = Debug|Any CPU
		{5E6ECB5C-98EC-4685-A9E9-734D6B6A1321}.Debug|x86.ActiveCfg = Debug|Any CPU
		{5E6ECB5C-98EC-4685-A9E9-734D6B6A1321}.Debug|x86.Build.0 = Debug|Any CPU
		{5E6ECB5C-98EC-4685-A9E9-734D6B6A1321}.Release|Any CPU.ActiveCfg = Release|Any CPU
		{5E6ECB5C-98EC-4685-A9E9-734D6B6A1321}.Release|Any CPU.Build.0 = Release|Any CPU
		{5E6ECB5C-98EC-4685-A9E9-734D6B6A1321}.Release|x64.ActiveCfg = Release|Any CPU
		{5E6ECB5C-98EC-4685-A9E9-734D6B6A1321}.Release|x64.Build.0 = Release|Any CPU
		{5E6ECB5C-98EC-4685-A9E9-734D6B6A1321}.Release|x86.ActiveCfg = Release|Any CPU
		{5E6ECB5C-98EC-4685-A9E9-734D6B6A1321}.Release|x86.Build.0 = Release|Any CPU
		{073D3205-30AE-4BD5-B28B-AD44073218AE}.Debug|Any CPU.ActiveCfg = Debug|Any CPU
		{073D3205-30AE-4BD5-B28B-AD44073218AE}.Debug|Any CPU.Build.0 = Debug|Any CPU
		{073D3205-30AE-4BD5-B28B-AD44073218AE}.Debug|x64.ActiveCfg = Debug|Any CPU
		{073D3205-30AE-4BD5-B28B-AD44073218AE}.Debug|x64.Build.0 = Debug|Any CPU
		{073D3205-30AE-4BD5-B28B-AD44073218AE}.Debug|x86.ActiveCfg = Debug|Any CPU
		{073D3205-30AE-4BD5-B28B-AD44073218AE}.Debug|x86.Build.0 = Debug|Any CPU
		{073D3205-30AE-4BD5-B28B-AD44073218AE}.Release|Any CPU.ActiveCfg = Release|Any CPU
		{073D3205-30AE-4BD5-B28B-AD44073218AE}.Release|Any CPU.Build.0 = Release|Any CPU
		{073D3205-30AE-4BD5-B28B-AD44073218AE}.Release|x64.ActiveCfg = Release|Any CPU
		{073D3205-30AE-4BD5-B28B-AD44073218AE}.Release|x64.Build.0 = Release|Any CPU
		{073D3205-30AE-4BD5-B28B-AD44073218AE}.Release|x86.ActiveCfg = Release|Any CPU
		{073D3205-30AE-4BD5-B28B-AD44073218AE}.Release|x86.Build.0 = Release|Any CPU
		{BDA5D424-2F4D-4CAD-83CC-656DEEE2F682}.Debug|Any CPU.ActiveCfg = Debug|Any CPU
		{BDA5D424-2F4D-4CAD-83CC-656DEEE2F682}.Debug|Any CPU.Build.0 = Debug|Any CPU
		{BDA5D424-2F4D-4CAD-83CC-656DEEE2F682}.Debug|x64.ActiveCfg = Debug|Any CPU
		{BDA5D424-2F4D-4CAD-83CC-656DEEE2F682}.Debug|x64.Build.0 = Debug|Any CPU
		{BDA5D424-2F4D-4CAD-83CC-656DEEE2F682}.Debug|x86.ActiveCfg = Debug|Any CPU
		{BDA5D424-2F4D-4CAD-83CC-656DEEE2F682}.Debug|x86.Build.0 = Debug|Any CPU
		{BDA5D424-2F4D-4CAD-83CC-656DEEE2F682}.Release|Any CPU.ActiveCfg = Release|Any CPU
		{BDA5D424-2F4D-4CAD-83CC-656DEEE2F682}.Release|Any CPU.Build.0 = Release|Any CPU
		{BDA5D424-2F4D-4CAD-83CC-656DEEE2F682}.Release|x64.ActiveCfg = Release|Any CPU
		{BDA5D424-2F4D-4CAD-83CC-656DEEE2F682}.Release|x64.Build.0 = Release|Any CPU
		{BDA5D424-2F4D-4CAD-83CC-656DEEE2F682}.Release|x86.ActiveCfg = Release|Any CPU
		{BDA5D424-2F4D-4CAD-83CC-656DEEE2F682}.Release|x86.Build.0 = Release|Any CPU
		{D730A7CB-99FE-48F9-9FC8-6CB56F7F1892}.Debug|Any CPU.ActiveCfg = Debug|Any CPU
		{D730A7CB-99FE-48F9-9FC8-6CB56F7F1892}.Debug|Any CPU.Build.0 = Debug|Any CPU
		{D730A7CB-99FE-48F9-9FC8-6CB56F7F1892}.Debug|x64.ActiveCfg = Debug|Any CPU
		{D730A7CB-99FE-48F9-9FC8-6CB56F7F1892}.Debug|x64.Build.0 = Debug|Any CPU
		{D730A7CB-99FE-48F9-9FC8-6CB56F7F1892}.Debug|x86.ActiveCfg = Debug|Any CPU
		{D730A7CB-99FE-48F9-9FC8-6CB56F7F1892}.Debug|x86.Build.0 = Debug|Any CPU
		{D730A7CB-99FE-48F9-9FC8-6CB56F7F1892}.Release|Any CPU.ActiveCfg = Release|Any CPU
		{D730A7CB-99FE-48F9-9FC8-6CB56F7F1892}.Release|Any CPU.Build.0 = Release|Any CPU
		{D730A7CB-99FE-48F9-9FC8-6CB56F7F1892}.Release|x64.ActiveCfg = Release|Any CPU
		{D730A7CB-99FE-48F9-9FC8-6CB56F7F1892}.Release|x64.Build.0 = Release|Any CPU
		{D730A7CB-99FE-48F9-9FC8-6CB56F7F1892}.Release|x86.ActiveCfg = Release|Any CPU
		{D730A7CB-99FE-48F9-9FC8-6CB56F7F1892}.Release|x86.Build.0 = Release|Any CPU
		{6955B27A-EBB2-452D-8460-CE3B1855A6B4}.Debug|Any CPU.ActiveCfg = Debug|Any CPU
		{6955B27A-EBB2-452D-8460-CE3B1855A6B4}.Debug|Any CPU.Build.0 = Debug|Any CPU
		{6955B27A-EBB2-452D-8460-CE3B1855A6B4}.Debug|x64.ActiveCfg = Debug|Any CPU
		{6955B27A-EBB2-452D-8460-CE3B1855A6B4}.Debug|x64.Build.0 = Debug|Any CPU
		{6955B27A-EBB2-452D-8460-CE3B1855A6B4}.Debug|x86.ActiveCfg = Debug|Any CPU
		{6955B27A-EBB2-452D-8460-CE3B1855A6B4}.Debug|x86.Build.0 = Debug|Any CPU
		{6955B27A-EBB2-452D-8460-CE3B1855A6B4}.Release|Any CPU.ActiveCfg = Release|Any CPU
		{6955B27A-EBB2-452D-8460-CE3B1855A6B4}.Release|Any CPU.Build.0 = Release|Any CPU
		{6955B27A-EBB2-452D-8460-CE3B1855A6B4}.Release|x64.ActiveCfg = Release|Any CPU
		{6955B27A-EBB2-452D-8460-CE3B1855A6B4}.Release|x64.Build.0 = Release|Any CPU
		{6955B27A-EBB2-452D-8460-CE3B1855A6B4}.Release|x86.ActiveCfg = Release|Any CPU
		{6955B27A-EBB2-452D-8460-CE3B1855A6B4}.Release|x86.Build.0 = Release|Any CPU
		{037A1909-9931-4EA7-A76D-447F789F77EA}.Debug|Any CPU.ActiveCfg = Debug|Any CPU
		{037A1909-9931-4EA7-A76D-447F789F77EA}.Debug|Any CPU.Build.0 = Debug|Any CPU
		{037A1909-9931-4EA7-A76D-447F789F77EA}.Debug|x64.ActiveCfg = Debug|Any CPU
		{037A1909-9931-4EA7-A76D-447F789F77EA}.Debug|x64.Build.0 = Debug|Any CPU
		{037A1909-9931-4EA7-A76D-447F789F77EA}.Debug|x86.ActiveCfg = Debug|Any CPU
		{037A1909-9931-4EA7-A76D-447F789F77EA}.Debug|x86.Build.0 = Debug|Any CPU
		{037A1909-9931-4EA7-A76D-447F789F77EA}.Release|Any CPU.ActiveCfg = Release|Any CPU
		{037A1909-9931-4EA7-A76D-447F789F77EA}.Release|Any CPU.Build.0 = Release|Any CPU
		{037A1909-9931-4EA7-A76D-447F789F77EA}.Release|x64.ActiveCfg = Release|Any CPU
		{037A1909-9931-4EA7-A76D-447F789F77EA}.Release|x64.Build.0 = Release|Any CPU
		{037A1909-9931-4EA7-A76D-447F789F77EA}.Release|x86.ActiveCfg = Release|Any CPU
		{037A1909-9931-4EA7-A76D-447F789F77EA}.Release|x86.Build.0 = Release|Any CPU
		{A4C8B1B9-386C-4A26-B6C3-A296FB7395A9}.Debug|Any CPU.ActiveCfg = Debug|Any CPU
		{A4C8B1B9-386C-4A26-B6C3-A296FB7395A9}.Debug|Any CPU.Build.0 = Debug|Any CPU
		{A4C8B1B9-386C-4A26-B6C3-A296FB7395A9}.Debug|x64.ActiveCfg = Debug|Any CPU
		{A4C8B1B9-386C-4A26-B6C3-A296FB7395A9}.Debug|x64.Build.0 = Debug|Any CPU
		{A4C8B1B9-386C-4A26-B6C3-A296FB7395A9}.Debug|x86.ActiveCfg = Debug|Any CPU
		{A4C8B1B9-386C-4A26-B6C3-A296FB7395A9}.Debug|x86.Build.0 = Debug|Any CPU
		{A4C8B1B9-386C-4A26-B6C3-A296FB7395A9}.Release|Any CPU.ActiveCfg = Release|Any CPU
		{A4C8B1B9-386C-4A26-B6C3-A296FB7395A9}.Release|Any CPU.Build.0 = Release|Any CPU
		{A4C8B1B9-386C-4A26-B6C3-A296FB7395A9}.Release|x64.ActiveCfg = Release|Any CPU
		{A4C8B1B9-386C-4A26-B6C3-A296FB7395A9}.Release|x64.Build.0 = Release|Any CPU
		{A4C8B1B9-386C-4A26-B6C3-A296FB7395A9}.Release|x86.ActiveCfg = Release|Any CPU
		{A4C8B1B9-386C-4A26-B6C3-A296FB7395A9}.Release|x86.Build.0 = Release|Any CPU
		{3B521539-0C72-4A05-99AC-3EC682619727}.Debug|Any CPU.ActiveCfg = Debug|Any CPU
		{3B521539-0C72-4A05-99AC-3EC682619727}.Debug|Any CPU.Build.0 = Debug|Any CPU
		{3B521539-0C72-4A05-99AC-3EC682619727}.Debug|x64.ActiveCfg = Debug|Any CPU
		{3B521539-0C72-4A05-99AC-3EC682619727}.Debug|x64.Build.0 = Debug|Any CPU
		{3B521539-0C72-4A05-99AC-3EC682619727}.Debug|x86.ActiveCfg = Debug|Any CPU
		{3B521539-0C72-4A05-99AC-3EC682619727}.Debug|x86.Build.0 = Debug|Any CPU
		{3B521539-0C72-4A05-99AC-3EC682619727}.Release|Any CPU.ActiveCfg = Release|Any CPU
		{3B521539-0C72-4A05-99AC-3EC682619727}.Release|Any CPU.Build.0 = Release|Any CPU
		{3B521539-0C72-4A05-99AC-3EC682619727}.Release|x64.ActiveCfg = Release|Any CPU
		{3B521539-0C72-4A05-99AC-3EC682619727}.Release|x64.Build.0 = Release|Any CPU
		{3B521539-0C72-4A05-99AC-3EC682619727}.Release|x86.ActiveCfg = Release|Any CPU
		{3B521539-0C72-4A05-99AC-3EC682619727}.Release|x86.Build.0 = Release|Any CPU
		{76216B7C-BD0F-40AC-94A5-711518830C07}.Debug|Any CPU.ActiveCfg = Debug|Any CPU
		{76216B7C-BD0F-40AC-94A5-711518830C07}.Debug|Any CPU.Build.0 = Debug|Any CPU
		{76216B7C-BD0F-40AC-94A5-711518830C07}.Debug|x64.ActiveCfg = Debug|Any CPU
		{76216B7C-BD0F-40AC-94A5-711518830C07}.Debug|x64.Build.0 = Debug|Any CPU
		{76216B7C-BD0F-40AC-94A5-711518830C07}.Debug|x86.ActiveCfg = Debug|Any CPU
		{76216B7C-BD0F-40AC-94A5-711518830C07}.Debug|x86.Build.0 = Debug|Any CPU
		{76216B7C-BD0F-40AC-94A5-711518830C07}.Release|Any CPU.ActiveCfg = Release|Any CPU
		{76216B7C-BD0F-40AC-94A5-711518830C07}.Release|Any CPU.Build.0 = Release|Any CPU
		{76216B7C-BD0F-40AC-94A5-711518830C07}.Release|x64.ActiveCfg = Release|Any CPU
		{76216B7C-BD0F-40AC-94A5-711518830C07}.Release|x64.Build.0 = Release|Any CPU
		{76216B7C-BD0F-40AC-94A5-711518830C07}.Release|x86.ActiveCfg = Release|Any CPU
		{76216B7C-BD0F-40AC-94A5-711518830C07}.Release|x86.Build.0 = Release|Any CPU
		{982A8439-D56D-41E2-834F-CA0E89146007}.Debug|Any CPU.ActiveCfg = Debug|Any CPU
		{982A8439-D56D-41E2-834F-CA0E89146007}.Debug|Any CPU.Build.0 = Debug|Any CPU
		{982A8439-D56D-41E2-834F-CA0E89146007}.Debug|x64.ActiveCfg = Debug|Any CPU
		{982A8439-D56D-41E2-834F-CA0E89146007}.Debug|x64.Build.0 = Debug|Any CPU
		{982A8439-D56D-41E2-834F-CA0E89146007}.Debug|x86.ActiveCfg = Debug|Any CPU
		{982A8439-D56D-41E2-834F-CA0E89146007}.Debug|x86.Build.0 = Debug|Any CPU
		{982A8439-D56D-41E2-834F-CA0E89146007}.Release|Any CPU.ActiveCfg = Release|Any CPU
		{982A8439-D56D-41E2-834F-CA0E89146007}.Release|Any CPU.Build.0 = Release|Any CPU
		{982A8439-D56D-41E2-834F-CA0E89146007}.Release|x64.ActiveCfg = Release|Any CPU
		{982A8439-D56D-41E2-834F-CA0E89146007}.Release|x64.Build.0 = Release|Any CPU
		{982A8439-D56D-41E2-834F-CA0E89146007}.Release|x86.ActiveCfg = Release|Any CPU
		{982A8439-D56D-41E2-834F-CA0E89146007}.Release|x86.Build.0 = Release|Any CPU
		{88308C8B-56F1-44BF-9AA5-B9A193B11044}.Debug|Any CPU.ActiveCfg = Debug|Any CPU
		{88308C8B-56F1-44BF-9AA5-B9A193B11044}.Debug|Any CPU.Build.0 = Debug|Any CPU
		{88308C8B-56F1-44BF-9AA5-B9A193B11044}.Debug|x64.ActiveCfg = Debug|Any CPU
		{88308C8B-56F1-44BF-9AA5-B9A193B11044}.Debug|x64.Build.0 = Debug|Any CPU
		{88308C8B-56F1-44BF-9AA5-B9A193B11044}.Debug|x86.ActiveCfg = Debug|Any CPU
		{88308C8B-56F1-44BF-9AA5-B9A193B11044}.Debug|x86.Build.0 = Debug|Any CPU
		{88308C8B-56F1-44BF-9AA5-B9A193B11044}.Release|Any CPU.ActiveCfg = Release|Any CPU
		{88308C8B-56F1-44BF-9AA5-B9A193B11044}.Release|Any CPU.Build.0 = Release|Any CPU
		{88308C8B-56F1-44BF-9AA5-B9A193B11044}.Release|x64.ActiveCfg = Release|Any CPU
		{88308C8B-56F1-44BF-9AA5-B9A193B11044}.Release|x64.Build.0 = Release|Any CPU
		{88308C8B-56F1-44BF-9AA5-B9A193B11044}.Release|x86.ActiveCfg = Release|Any CPU
		{88308C8B-56F1-44BF-9AA5-B9A193B11044}.Release|x86.Build.0 = Release|Any CPU
		{2AACAA8B-28D1-4C1B-A3C5-237C4642E351}.Debug|Any CPU.ActiveCfg = Debug|Any CPU
		{2AACAA8B-28D1-4C1B-A3C5-237C4642E351}.Debug|Any CPU.Build.0 = Debug|Any CPU
		{2AACAA8B-28D1-4C1B-A3C5-237C4642E351}.Debug|x64.ActiveCfg = Debug|Any CPU
		{2AACAA8B-28D1-4C1B-A3C5-237C4642E351}.Debug|x64.Build.0 = Debug|Any CPU
		{2AACAA8B-28D1-4C1B-A3C5-237C4642E351}.Debug|x86.ActiveCfg = Debug|Any CPU
		{2AACAA8B-28D1-4C1B-A3C5-237C4642E351}.Debug|x86.Build.0 = Debug|Any CPU
		{2AACAA8B-28D1-4C1B-A3C5-237C4642E351}.Release|Any CPU.ActiveCfg = Release|Any CPU
		{2AACAA8B-28D1-4C1B-A3C5-237C4642E351}.Release|Any CPU.Build.0 = Release|Any CPU
		{2AACAA8B-28D1-4C1B-A3C5-237C4642E351}.Release|x64.ActiveCfg = Release|Any CPU
		{2AACAA8B-28D1-4C1B-A3C5-237C4642E351}.Release|x64.Build.0 = Release|Any CPU
		{2AACAA8B-28D1-4C1B-A3C5-237C4642E351}.Release|x86.ActiveCfg = Release|Any CPU
		{2AACAA8B-28D1-4C1B-A3C5-237C4642E351}.Release|x86.Build.0 = Release|Any CPU
		{1FDF68CD-09BF-4672-861C-DDC6DE6AA9D1}.Debug|Any CPU.ActiveCfg = Debug|Any CPU
		{1FDF68CD-09BF-4672-861C-DDC6DE6AA9D1}.Debug|Any CPU.Build.0 = Debug|Any CPU
		{1FDF68CD-09BF-4672-861C-DDC6DE6AA9D1}.Debug|x64.ActiveCfg = Debug|Any CPU
		{1FDF68CD-09BF-4672-861C-DDC6DE6AA9D1}.Debug|x64.Build.0 = Debug|Any CPU
		{1FDF68CD-09BF-4672-861C-DDC6DE6AA9D1}.Debug|x86.ActiveCfg = Debug|Any CPU
		{1FDF68CD-09BF-4672-861C-DDC6DE6AA9D1}.Debug|x86.Build.0 = Debug|Any CPU
		{1FDF68CD-09BF-4672-861C-DDC6DE6AA9D1}.Release|Any CPU.ActiveCfg = Release|Any CPU
		{1FDF68CD-09BF-4672-861C-DDC6DE6AA9D1}.Release|Any CPU.Build.0 = Release|Any CPU
		{1FDF68CD-09BF-4672-861C-DDC6DE6AA9D1}.Release|x64.ActiveCfg = Release|Any CPU
		{1FDF68CD-09BF-4672-861C-DDC6DE6AA9D1}.Release|x64.Build.0 = Release|Any CPU
		{1FDF68CD-09BF-4672-861C-DDC6DE6AA9D1}.Release|x86.ActiveCfg = Release|Any CPU
		{1FDF68CD-09BF-4672-861C-DDC6DE6AA9D1}.Release|x86.Build.0 = Release|Any CPU
		{23441254-C4BB-4E79-B275-7A36FFAF4EDD}.Debug|Any CPU.ActiveCfg = Debug|Any CPU
		{23441254-C4BB-4E79-B275-7A36FFAF4EDD}.Debug|Any CPU.Build.0 = Debug|Any CPU
		{23441254-C4BB-4E79-B275-7A36FFAF4EDD}.Debug|x64.ActiveCfg = Debug|Any CPU
		{23441254-C4BB-4E79-B275-7A36FFAF4EDD}.Debug|x64.Build.0 = Debug|Any CPU
		{23441254-C4BB-4E79-B275-7A36FFAF4EDD}.Debug|x86.ActiveCfg = Debug|Any CPU
		{23441254-C4BB-4E79-B275-7A36FFAF4EDD}.Debug|x86.Build.0 = Debug|Any CPU
		{23441254-C4BB-4E79-B275-7A36FFAF4EDD}.Release|Any CPU.ActiveCfg = Release|Any CPU
		{23441254-C4BB-4E79-B275-7A36FFAF4EDD}.Release|Any CPU.Build.0 = Release|Any CPU
		{23441254-C4BB-4E79-B275-7A36FFAF4EDD}.Release|x64.ActiveCfg = Release|Any CPU
		{23441254-C4BB-4E79-B275-7A36FFAF4EDD}.Release|x64.Build.0 = Release|Any CPU
		{23441254-C4BB-4E79-B275-7A36FFAF4EDD}.Release|x86.ActiveCfg = Release|Any CPU
		{23441254-C4BB-4E79-B275-7A36FFAF4EDD}.Release|x86.Build.0 = Release|Any CPU
		{08586A96-A23A-467F-B381-D03E86E96BE0}.Debug|Any CPU.ActiveCfg = Debug|Any CPU
		{08586A96-A23A-467F-B381-D03E86E96BE0}.Debug|Any CPU.Build.0 = Debug|Any CPU
		{08586A96-A23A-467F-B381-D03E86E96BE0}.Debug|x64.ActiveCfg = Debug|Any CPU
		{08586A96-A23A-467F-B381-D03E86E96BE0}.Debug|x64.Build.0 = Debug|Any CPU
		{08586A96-A23A-467F-B381-D03E86E96BE0}.Debug|x86.ActiveCfg = Debug|Any CPU
		{08586A96-A23A-467F-B381-D03E86E96BE0}.Debug|x86.Build.0 = Debug|Any CPU
		{08586A96-A23A-467F-B381-D03E86E96BE0}.Release|Any CPU.ActiveCfg = Release|Any CPU
		{08586A96-A23A-467F-B381-D03E86E96BE0}.Release|Any CPU.Build.0 = Release|Any CPU
		{08586A96-A23A-467F-B381-D03E86E96BE0}.Release|x64.ActiveCfg = Release|Any CPU
		{08586A96-A23A-467F-B381-D03E86E96BE0}.Release|x64.Build.0 = Release|Any CPU
		{08586A96-A23A-467F-B381-D03E86E96BE0}.Release|x86.ActiveCfg = Release|Any CPU
		{08586A96-A23A-467F-B381-D03E86E96BE0}.Release|x86.Build.0 = Release|Any CPU
		{8D77280C-1E89-43DC-8905-50BCD6F9271E}.Debug|Any CPU.ActiveCfg = Debug|Any CPU
		{8D77280C-1E89-43DC-8905-50BCD6F9271E}.Debug|Any CPU.Build.0 = Debug|Any CPU
		{8D77280C-1E89-43DC-8905-50BCD6F9271E}.Debug|x64.ActiveCfg = Debug|Any CPU
		{8D77280C-1E89-43DC-8905-50BCD6F9271E}.Debug|x64.Build.0 = Debug|Any CPU
		{8D77280C-1E89-43DC-8905-50BCD6F9271E}.Debug|x86.ActiveCfg = Debug|Any CPU
		{8D77280C-1E89-43DC-8905-50BCD6F9271E}.Debug|x86.Build.0 = Debug|Any CPU
		{8D77280C-1E89-43DC-8905-50BCD6F9271E}.Release|Any CPU.ActiveCfg = Release|Any CPU
		{8D77280C-1E89-43DC-8905-50BCD6F9271E}.Release|Any CPU.Build.0 = Release|Any CPU
		{8D77280C-1E89-43DC-8905-50BCD6F9271E}.Release|x64.ActiveCfg = Release|Any CPU
		{8D77280C-1E89-43DC-8905-50BCD6F9271E}.Release|x64.Build.0 = Release|Any CPU
		{8D77280C-1E89-43DC-8905-50BCD6F9271E}.Release|x86.ActiveCfg = Release|Any CPU
		{8D77280C-1E89-43DC-8905-50BCD6F9271E}.Release|x86.Build.0 = Release|Any CPU
		{6532D2F4-2672-4B25-9924-B0C3B095498A}.Debug|Any CPU.ActiveCfg = Debug|Any CPU
		{6532D2F4-2672-4B25-9924-B0C3B095498A}.Debug|Any CPU.Build.0 = Debug|Any CPU
		{6532D2F4-2672-4B25-9924-B0C3B095498A}.Debug|x64.ActiveCfg = Debug|Any CPU
		{6532D2F4-2672-4B25-9924-B0C3B095498A}.Debug|x64.Build.0 = Debug|Any CPU
		{6532D2F4-2672-4B25-9924-B0C3B095498A}.Debug|x86.ActiveCfg = Debug|Any CPU
		{6532D2F4-2672-4B25-9924-B0C3B095498A}.Debug|x86.Build.0 = Debug|Any CPU
		{6532D2F4-2672-4B25-9924-B0C3B095498A}.Release|Any CPU.ActiveCfg = Release|Any CPU
		{6532D2F4-2672-4B25-9924-B0C3B095498A}.Release|Any CPU.Build.0 = Release|Any CPU
		{6532D2F4-2672-4B25-9924-B0C3B095498A}.Release|x64.ActiveCfg = Release|Any CPU
		{6532D2F4-2672-4B25-9924-B0C3B095498A}.Release|x64.Build.0 = Release|Any CPU
		{6532D2F4-2672-4B25-9924-B0C3B095498A}.Release|x86.ActiveCfg = Release|Any CPU
		{6532D2F4-2672-4B25-9924-B0C3B095498A}.Release|x86.Build.0 = Release|Any CPU
		{BDF7B46F-7847-4A2C-BB80-FDE0D9885176}.Debug|Any CPU.ActiveCfg = Debug|Any CPU
		{BDF7B46F-7847-4A2C-BB80-FDE0D9885176}.Debug|Any CPU.Build.0 = Debug|Any CPU
		{BDF7B46F-7847-4A2C-BB80-FDE0D9885176}.Debug|x64.ActiveCfg = Debug|Any CPU
		{BDF7B46F-7847-4A2C-BB80-FDE0D9885176}.Debug|x64.Build.0 = Debug|Any CPU
		{BDF7B46F-7847-4A2C-BB80-FDE0D9885176}.Debug|x86.ActiveCfg = Debug|Any CPU
		{BDF7B46F-7847-4A2C-BB80-FDE0D9885176}.Debug|x86.Build.0 = Debug|Any CPU
		{BDF7B46F-7847-4A2C-BB80-FDE0D9885176}.Release|Any CPU.ActiveCfg = Release|Any CPU
		{BDF7B46F-7847-4A2C-BB80-FDE0D9885176}.Release|Any CPU.Build.0 = Release|Any CPU
		{BDF7B46F-7847-4A2C-BB80-FDE0D9885176}.Release|x64.ActiveCfg = Release|Any CPU
		{BDF7B46F-7847-4A2C-BB80-FDE0D9885176}.Release|x64.Build.0 = Release|Any CPU
		{BDF7B46F-7847-4A2C-BB80-FDE0D9885176}.Release|x86.ActiveCfg = Release|Any CPU
		{BDF7B46F-7847-4A2C-BB80-FDE0D9885176}.Release|x86.Build.0 = Release|Any CPU
		{3764EA3F-8C29-4E11-8408-6080DA99C8FC}.Debug|Any CPU.ActiveCfg = Debug|Any CPU
		{3764EA3F-8C29-4E11-8408-6080DA99C8FC}.Debug|Any CPU.Build.0 = Debug|Any CPU
		{3764EA3F-8C29-4E11-8408-6080DA99C8FC}.Debug|x64.ActiveCfg = Debug|Any CPU
		{3764EA3F-8C29-4E11-8408-6080DA99C8FC}.Debug|x64.Build.0 = Debug|Any CPU
		{3764EA3F-8C29-4E11-8408-6080DA99C8FC}.Debug|x86.ActiveCfg = Debug|Any CPU
		{3764EA3F-8C29-4E11-8408-6080DA99C8FC}.Debug|x86.Build.0 = Debug|Any CPU
		{3764EA3F-8C29-4E11-8408-6080DA99C8FC}.Release|Any CPU.ActiveCfg = Release|Any CPU
		{3764EA3F-8C29-4E11-8408-6080DA99C8FC}.Release|Any CPU.Build.0 = Release|Any CPU
		{3764EA3F-8C29-4E11-8408-6080DA99C8FC}.Release|x64.ActiveCfg = Release|Any CPU
		{3764EA3F-8C29-4E11-8408-6080DA99C8FC}.Release|x64.Build.0 = Release|Any CPU
		{3764EA3F-8C29-4E11-8408-6080DA99C8FC}.Release|x86.ActiveCfg = Release|Any CPU
		{3764EA3F-8C29-4E11-8408-6080DA99C8FC}.Release|x86.Build.0 = Release|Any CPU
		{6A2CADB6-781E-4896-A5CB-889A2BDFFAEA}.Debug|Any CPU.ActiveCfg = Debug|Any CPU
		{6A2CADB6-781E-4896-A5CB-889A2BDFFAEA}.Debug|Any CPU.Build.0 = Debug|Any CPU
		{6A2CADB6-781E-4896-A5CB-889A2BDFFAEA}.Debug|x64.ActiveCfg = Debug|Any CPU
		{6A2CADB6-781E-4896-A5CB-889A2BDFFAEA}.Debug|x64.Build.0 = Debug|Any CPU
		{6A2CADB6-781E-4896-A5CB-889A2BDFFAEA}.Debug|x86.ActiveCfg = Debug|Any CPU
		{6A2CADB6-781E-4896-A5CB-889A2BDFFAEA}.Debug|x86.Build.0 = Debug|Any CPU
		{6A2CADB6-781E-4896-A5CB-889A2BDFFAEA}.Release|Any CPU.ActiveCfg = Release|Any CPU
		{6A2CADB6-781E-4896-A5CB-889A2BDFFAEA}.Release|Any CPU.Build.0 = Release|Any CPU
		{6A2CADB6-781E-4896-A5CB-889A2BDFFAEA}.Release|x64.ActiveCfg = Release|Any CPU
		{6A2CADB6-781E-4896-A5CB-889A2BDFFAEA}.Release|x64.Build.0 = Release|Any CPU
		{6A2CADB6-781E-4896-A5CB-889A2BDFFAEA}.Release|x86.ActiveCfg = Release|Any CPU
		{6A2CADB6-781E-4896-A5CB-889A2BDFFAEA}.Release|x86.Build.0 = Release|Any CPU
		{9C4F870C-EB76-47FD-8C28-E2B5D6AB6152}.Debug|Any CPU.ActiveCfg = Debug|Any CPU
		{9C4F870C-EB76-47FD-8C28-E2B5D6AB6152}.Debug|Any CPU.Build.0 = Debug|Any CPU
		{9C4F870C-EB76-47FD-8C28-E2B5D6AB6152}.Debug|x64.ActiveCfg = Debug|Any CPU
		{9C4F870C-EB76-47FD-8C28-E2B5D6AB6152}.Debug|x64.Build.0 = Debug|Any CPU
		{9C4F870C-EB76-47FD-8C28-E2B5D6AB6152}.Debug|x86.ActiveCfg = Debug|Any CPU
		{9C4F870C-EB76-47FD-8C28-E2B5D6AB6152}.Debug|x86.Build.0 = Debug|Any CPU
		{9C4F870C-EB76-47FD-8C28-E2B5D6AB6152}.Release|Any CPU.ActiveCfg = Release|Any CPU
		{9C4F870C-EB76-47FD-8C28-E2B5D6AB6152}.Release|Any CPU.Build.0 = Release|Any CPU
		{9C4F870C-EB76-47FD-8C28-E2B5D6AB6152}.Release|x64.ActiveCfg = Release|Any CPU
		{9C4F870C-EB76-47FD-8C28-E2B5D6AB6152}.Release|x64.Build.0 = Release|Any CPU
		{9C4F870C-EB76-47FD-8C28-E2B5D6AB6152}.Release|x86.ActiveCfg = Release|Any CPU
		{9C4F870C-EB76-47FD-8C28-E2B5D6AB6152}.Release|x86.Build.0 = Release|Any CPU
		{2E167398-24FB-4536-930A-1C2A881CE10E}.Debug|Any CPU.ActiveCfg = Debug|Any CPU
		{2E167398-24FB-4536-930A-1C2A881CE10E}.Debug|Any CPU.Build.0 = Debug|Any CPU
		{2E167398-24FB-4536-930A-1C2A881CE10E}.Debug|x64.ActiveCfg = Debug|Any CPU
		{2E167398-24FB-4536-930A-1C2A881CE10E}.Debug|x64.Build.0 = Debug|Any CPU
		{2E167398-24FB-4536-930A-1C2A881CE10E}.Debug|x86.ActiveCfg = Debug|Any CPU
		{2E167398-24FB-4536-930A-1C2A881CE10E}.Debug|x86.Build.0 = Debug|Any CPU
		{2E167398-24FB-4536-930A-1C2A881CE10E}.Release|Any CPU.ActiveCfg = Release|Any CPU
		{2E167398-24FB-4536-930A-1C2A881CE10E}.Release|Any CPU.Build.0 = Release|Any CPU
		{2E167398-24FB-4536-930A-1C2A881CE10E}.Release|x64.ActiveCfg = Release|Any CPU
		{2E167398-24FB-4536-930A-1C2A881CE10E}.Release|x64.Build.0 = Release|Any CPU
		{2E167398-24FB-4536-930A-1C2A881CE10E}.Release|x86.ActiveCfg = Release|Any CPU
		{2E167398-24FB-4536-930A-1C2A881CE10E}.Release|x86.Build.0 = Release|Any CPU
		{9485D3CD-F9FE-4D66-946C-F11EA6B17350}.Debug|Any CPU.ActiveCfg = Debug|Any CPU
		{9485D3CD-F9FE-4D66-946C-F11EA6B17350}.Debug|Any CPU.Build.0 = Debug|Any CPU
		{9485D3CD-F9FE-4D66-946C-F11EA6B17350}.Debug|x64.ActiveCfg = Debug|Any CPU
		{9485D3CD-F9FE-4D66-946C-F11EA6B17350}.Debug|x64.Build.0 = Debug|Any CPU
		{9485D3CD-F9FE-4D66-946C-F11EA6B17350}.Debug|x86.ActiveCfg = Debug|Any CPU
		{9485D3CD-F9FE-4D66-946C-F11EA6B17350}.Debug|x86.Build.0 = Debug|Any CPU
		{9485D3CD-F9FE-4D66-946C-F11EA6B17350}.Release|Any CPU.ActiveCfg = Release|Any CPU
		{9485D3CD-F9FE-4D66-946C-F11EA6B17350}.Release|Any CPU.Build.0 = Release|Any CPU
		{9485D3CD-F9FE-4D66-946C-F11EA6B17350}.Release|x64.ActiveCfg = Release|Any CPU
		{9485D3CD-F9FE-4D66-946C-F11EA6B17350}.Release|x64.Build.0 = Release|Any CPU
		{9485D3CD-F9FE-4D66-946C-F11EA6B17350}.Release|x86.ActiveCfg = Release|Any CPU
		{9485D3CD-F9FE-4D66-946C-F11EA6B17350}.Release|x86.Build.0 = Release|Any CPU
		{682A6618-57A3-4D56-81AD-BB69486CA110}.Debug|Any CPU.ActiveCfg = Debug|Any CPU
		{682A6618-57A3-4D56-81AD-BB69486CA110}.Debug|Any CPU.Build.0 = Debug|Any CPU
		{682A6618-57A3-4D56-81AD-BB69486CA110}.Debug|x64.ActiveCfg = Debug|Any CPU
		{682A6618-57A3-4D56-81AD-BB69486CA110}.Debug|x64.Build.0 = Debug|Any CPU
		{682A6618-57A3-4D56-81AD-BB69486CA110}.Debug|x86.ActiveCfg = Debug|Any CPU
		{682A6618-57A3-4D56-81AD-BB69486CA110}.Debug|x86.Build.0 = Debug|Any CPU
		{682A6618-57A3-4D56-81AD-BB69486CA110}.Release|Any CPU.ActiveCfg = Release|Any CPU
		{682A6618-57A3-4D56-81AD-BB69486CA110}.Release|Any CPU.Build.0 = Release|Any CPU
		{682A6618-57A3-4D56-81AD-BB69486CA110}.Release|x64.ActiveCfg = Release|Any CPU
		{682A6618-57A3-4D56-81AD-BB69486CA110}.Release|x64.Build.0 = Release|Any CPU
		{682A6618-57A3-4D56-81AD-BB69486CA110}.Release|x86.ActiveCfg = Release|Any CPU
		{682A6618-57A3-4D56-81AD-BB69486CA110}.Release|x86.Build.0 = Release|Any CPU
		{9C925EE6-651F-4CE1-AEC7-8B3017ACA663}.Debug|Any CPU.ActiveCfg = Debug|Any CPU
		{9C925EE6-651F-4CE1-AEC7-8B3017ACA663}.Debug|Any CPU.Build.0 = Debug|Any CPU
		{9C925EE6-651F-4CE1-AEC7-8B3017ACA663}.Debug|x64.ActiveCfg = Debug|Any CPU
		{9C925EE6-651F-4CE1-AEC7-8B3017ACA663}.Debug|x64.Build.0 = Debug|Any CPU
		{9C925EE6-651F-4CE1-AEC7-8B3017ACA663}.Debug|x86.ActiveCfg = Debug|Any CPU
		{9C925EE6-651F-4CE1-AEC7-8B3017ACA663}.Debug|x86.Build.0 = Debug|Any CPU
		{9C925EE6-651F-4CE1-AEC7-8B3017ACA663}.Release|Any CPU.ActiveCfg = Release|Any CPU
		{9C925EE6-651F-4CE1-AEC7-8B3017ACA663}.Release|Any CPU.Build.0 = Release|Any CPU
		{9C925EE6-651F-4CE1-AEC7-8B3017ACA663}.Release|x64.ActiveCfg = Release|Any CPU
		{9C925EE6-651F-4CE1-AEC7-8B3017ACA663}.Release|x64.Build.0 = Release|Any CPU
		{9C925EE6-651F-4CE1-AEC7-8B3017ACA663}.Release|x86.ActiveCfg = Release|Any CPU
		{9C925EE6-651F-4CE1-AEC7-8B3017ACA663}.Release|x86.Build.0 = Release|Any CPU
	EndGlobalSection
	GlobalSection(SolutionProperties) = preSolution
		HideSolutionNode = FALSE
	EndGlobalSection
	GlobalSection(NestedProjects) = preSolution
		{38C42588-1AD8-4B74-9092-4346F7979A5C} = {4F52FD11-658E-A102-6CD3-7D7C16FFA15B}
		{97388253-B195-4A2C-9D50-1481FA608CBA} = {4F52FD11-658E-A102-6CD3-7D7C16FFA15B}
		{D34BBDDE-4AD6-4835-BE4E-E1A8E59AC716} = {4F52FD11-658E-A102-6CD3-7D7C16FFA15B}
		{0213FDA2-1675-4C3F-A7F1-02D2E212647C} = {4F52FD11-658E-A102-6CD3-7D7C16FFA15B}
		{378295AF-C144-6721-7CFF-8DE6E58ED8C7} = {5854FF58-B8C5-05C6-5BF2-ACE42193F22B}
		{6C3E52A5-2C01-4829-9209-22874C792803} = {378295AF-C144-6721-7CFF-8DE6E58ED8C7}
		{A10EE5EF-F5AB-487D-B964-C55679571C2D} = {378295AF-C144-6721-7CFF-8DE6E58ED8C7}
		{5E6ECB5C-98EC-4685-A9E9-734D6B6A1321} = {378295AF-C144-6721-7CFF-8DE6E58ED8C7}
		{073D3205-30AE-4BD5-B28B-AD44073218AE} = {378295AF-C144-6721-7CFF-8DE6E58ED8C7}
		{478E6461-DE7A-4D22-8E1A-CDA781F58E7C} = {5854FF58-B8C5-05C6-5BF2-ACE42193F22B}
		{BDA5D424-2F4D-4CAD-83CC-656DEEE2F682} = {478E6461-DE7A-4D22-8E1A-CDA781F58E7C}
		{D730A7CB-99FE-48F9-9FC8-6CB56F7F1892} = {478E6461-DE7A-4D22-8E1A-CDA781F58E7C}
		{6955B27A-EBB2-452D-8460-CE3B1855A6B4} = {478E6461-DE7A-4D22-8E1A-CDA781F58E7C}
		{037A1909-9931-4EA7-A76D-447F789F77EA} = {478E6461-DE7A-4D22-8E1A-CDA781F58E7C}
		{CB269384-0C7F-461D-BEBB-44454656935D} = {5854FF58-B8C5-05C6-5BF2-ACE42193F22B}
		{A4C8B1B9-386C-4A26-B6C3-A296FB7395A9} = {CB269384-0C7F-461D-BEBB-44454656935D}
		{3B521539-0C72-4A05-99AC-3EC682619727} = {CB269384-0C7F-461D-BEBB-44454656935D}
		{76216B7C-BD0F-40AC-94A5-711518830C07} = {CB269384-0C7F-461D-BEBB-44454656935D}
		{982A8439-D56D-41E2-834F-CA0E89146007} = {CB269384-0C7F-461D-BEBB-44454656935D}
		{248E3BD9-7D2F-467B-B616-2C2045844F0B} = {5854FF58-B8C5-05C6-5BF2-ACE42193F22B}
		{88308C8B-56F1-44BF-9AA5-B9A193B11044} = {248E3BD9-7D2F-467B-B616-2C2045844F0B}
		{2AACAA8B-28D1-4C1B-A3C5-237C4642E351} = {248E3BD9-7D2F-467B-B616-2C2045844F0B}
		{1FDF68CD-09BF-4672-861C-DDC6DE6AA9D1} = {248E3BD9-7D2F-467B-B616-2C2045844F0B}
		{23441254-C4BB-4E79-B275-7A36FFAF4EDD} = {248E3BD9-7D2F-467B-B616-2C2045844F0B}
		{61D7D289-8A44-40F6-A5CF-6A8F9B1BD6FC} = {5854FF58-B8C5-05C6-5BF2-ACE42193F22B}
		{08586A96-A23A-467F-B381-D03E86E96BE0} = {61D7D289-8A44-40F6-A5CF-6A8F9B1BD6FC}
		{8D77280C-1E89-43DC-8905-50BCD6F9271E} = {61D7D289-8A44-40F6-A5CF-6A8F9B1BD6FC}
		{6532D2F4-2672-4B25-9924-B0C3B095498A} = {61D7D289-8A44-40F6-A5CF-6A8F9B1BD6FC}
		{BDF7B46F-7847-4A2C-BB80-FDE0D9885176} = {61D7D289-8A44-40F6-A5CF-6A8F9B1BD6FC}
		{77A72A75-F8B6-4511-8809-9865DA1BC6AC} = {5854FF58-B8C5-05C6-5BF2-ACE42193F22B}
		{3764EA3F-8C29-4E11-8408-6080DA99C8FC} = {77A72A75-F8B6-4511-8809-9865DA1BC6AC}
		{6A2CADB6-781E-4896-A5CB-889A2BDFFAEA} = {77A72A75-F8B6-4511-8809-9865DA1BC6AC}
		{9C4F870C-EB76-47FD-8C28-E2B5D6AB6152} = {77A72A75-F8B6-4511-8809-9865DA1BC6AC}
		{2E167398-24FB-4536-930A-1C2A881CE10E} = {77A72A75-F8B6-4511-8809-9865DA1BC6AC}
		{F17E5BF0-C698-4880-840B-D3869A502498} = {5854FF58-B8C5-05C6-5BF2-ACE42193F22B}
		{9485D3CD-F9FE-4D66-946C-F11EA6B17350} = {F17E5BF0-C698-4880-840B-D3869A502498}
		{682A6618-57A3-4D56-81AD-BB69486CA110} = {F17E5BF0-C698-4880-840B-D3869A502498}
		{9C925EE6-651F-4CE1-AEC7-8B3017ACA663} = {F17E5BF0-C698-4880-840B-D3869A502498}
	EndGlobalSection
EndGlobal
