
Microsoft Visual Studio Solution File, Format Version 12.00
# Visual Studio Version 17
VisualStudioVersion = 17.0.31903.59
MinimumVisualStudioVersion = 10.0.40219.1
Project("{FAE04EC0-301F-11D3-BF4B-00C04F79EFBC}") = "ApiGateway", "ApiGateway\ApiGateway.csproj", "{9871BA45-3418-48EB-9647-FCF28F1BA9D1}"
EndProject
Project("{2150E333-8FDC-42A3-9474-1A3956D46DE8}") = "Shared", "Shared", "{4F52FD11-658E-A102-6CD3-7D7C16FFA15B}"
EndProject
Project("{FAE04EC0-301F-11D3-BF4B-00C04F79EFBC}") = "BuildingBlocks", "Shared\BuildingBlocks\BuildingBlocks.csproj", "{38C42588-1AD8-4B74-9092-4346F7979A5C}"
EndProject
Project("{FAE04EC0-301F-11D3-BF4B-00C04F79EFBC}") = "Common", "Shared\Common\Common.csproj", "{97388253-B195-4A2C-9D50-1481FA608CBA}"
EndProject
Project("{FAE04EC0-301F-11D3-BF4B-00C04F79EFBC}") = "EventContracts", "Shared\EventContracts\EventContracts.csproj", "{D34BBDDE-4AD6-4835-BE4E-E1A8E59AC716}"
EndProject
Project("{FAE04EC0-301F-11D3-BF4B-00C04F79EFBC}") = "Infrastructure", "Shared\Infrastructure\Infrastructure.csproj", "{0213FDA2-1675-4C3F-A7F1-02D2E212647C}"
EndProject
Project("{2150E333-8FDC-42A3-9474-1A3956D46DE8}") = "Services", "Services", "{5854FF58-B8C5-05C6-5BF2-ACE42193F22B}"
EndProject
Project("{2150E333-8FDC-42A3-9474-1A3956D46DE8}") = "AuthService", "AuthService", "{378295AF-C144-6721-7CFF-8DE6E58ED8C7}"
EndProject
Project("{FAE04EC0-301F-11D3-BF4B-00C04F79EFBC}") = "AuthService.Api", "Services\AuthService\AuthService.Api\AuthService.Api.csproj", "{6C3E52A5-2C01-4829-9209-22874C792803}"
EndProject
Project("{FAE04EC0-301F-11D3-BF4B-00C04F79EFBC}") = "AuthService.Application", "Services\AuthService\AuthService.Application\AuthService.Application.csproj", "{A10EE5EF-F5AB-487D-B964-C55679571C2D}"
EndProject
Project("{FAE04EC0-301F-11D3-BF4B-00C04F79EFBC}") = "AuthService.Domain", "Services\AuthService\AuthService.Domain\AuthService.Domain.csproj", "{5E6ECB5C-98EC-4685-A9E9-734D6B6A1321}"
EndProject
Project("{FAE04EC0-301F-11D3-BF4B-00C04F79EFBC}") = "AuthService.Infrastructure", "Services\AuthService\AuthService.Infrastructure\AuthService.Infrastructure.csproj", "{073D3205-30AE-4BD5-B28B-AD44073218AE}"
EndProject
Project("{2150E333-8FDC-42A3-9474-1A3956D46DE8}") = "UserService", "UserService", "{478E6461-DE7A-4D22-8E1A-CDA781F58E7C}"
EndProject
Project("{FAE04EC0-301F-11D3-BF4B-00C04F79EFBC}") = "UserService.Api", "Services\UserService\UserService.Api\UserService.Api.csproj", "{BDA5D424-2F4D-4CAD-83CC-656DEEE2F682}"
EndProject
Project("{FAE04EC0-301F-11D3-BF4B-00C04F79EFBC}") = "UserService.Infrastructure", "Services\UserService\UserService.Infrastructure\UserService.Infrastructure.csproj", "{D730A7CB-99FE-48F9-9FC8-6CB56F7F1892}"
EndProject
Project("{FAE04EC0-301F-11D3-BF4B-00C04F79EFBC}") = "UserService.Domain", "Services\UserService\UserService.Domain\UserService.Domain.csproj", "{6955B27A-EBB2-452D-8460-CE3B1855A6B4}"
EndProject
Project("{FAE04EC0-301F-11D3-BF4B-00C04F79EFBC}") = "UserService.Application", "Services\UserService\UserService.Application\UserService.Application.csproj", "{037A1909-9931-4EA7-A76D-447F789F77EA}"
EndProject
Project("{2150E333-8FDC-42A3-9474-1A3956D46DE8}") = "PostService", "PostService", "{CB269384-0C7F-461D-BEBB-44454656935D}"
EndProject
Project("{FAE04EC0-301F-11D3-BF4B-00C04F79EFBC}") = "PostService.Api", "Services\PostService\PostService.Api\PostService.Api.csproj", "{A4C8B1B9-386C-4A26-B6C3-A296FB7395A9}"
EndProject
Project("{FAE04EC0-301F-11D3-BF4B-00C04F79EFBC}") = "PostService.Application", "Services\PostService\PostService.Application\PostService.Application.csproj", "{3B521539-0C72-4A05-99AC-3EC682619727}"
EndProject
Project("{FAE04EC0-301F-11D3-BF4B-00C04F79EFBC}") = "PostService.Infrastructure", "Services\PostService\PostService.Infrastructure\PostService.Infrastructure.csproj", "{76216B7C-BD0F-40AC-94A5-711518830C07}"
EndProject
Project("{FAE04EC0-301F-11D3-BF4B-00C04F79EFBC}") = "PostService.Domain", "Services\PostService\PostService.Domain\PostService.Domain.csproj", "{982A8439-D56D-41E2-834F-CA0E89146007}"
EndProject
Global
	GlobalSection(SolutionConfigurationPlatforms) = preSolution
		Debug|Any CPU = Debug|Any CPU
		Debug|x64 = Debug|x64
		Debug|x86 = Debug|x86
		Release|Any CPU = Release|Any CPU
		Release|x64 = Release|x64
		Release|x86 = Release|x86
	EndGlobalSection
	GlobalSection(ProjectConfigurationPlatforms) = postSolution
		{9871BA45-3418-48EB-9647-FCF28F1BA9D1}.Debug|Any CPU.ActiveCfg = Debug|Any CPU
		{9871BA45-3418-48EB-9647-FCF28F1BA9D1}.Debug|Any CPU.Build.0 = Debug|Any CPU
		{9871BA45-3418-48EB-9647-FCF28F1BA9D1}.Debug|x64.ActiveCfg = Debug|Any CPU
		{9871BA45-3418-48EB-9647-FCF28F1BA9D1}.Debug|x64.Build.0 = Debug|Any CPU
		{9871BA45-3418-48EB-9647-FCF28F1BA9D1}.Debug|x86.ActiveCfg = Debug|Any CPU
		{9871BA45-3418-48EB-9647-FCF28F1BA9D1}.Debug|x86.Build.0 = Debug|Any CPU
		{9871BA45-3418-48EB-9647-FCF28F1BA9D1}.Release|Any CPU.ActiveCfg = Release|Any CPU
		{9871BA45-3418-48EB-9647-FCF28F1BA9D1}.Release|Any CPU.Build.0 = Release|Any CPU
		{9871BA45-3418-48EB-9647-FCF28F1BA9D1}.Release|x64.ActiveCfg = Release|Any CPU
		{9871BA45-3418-48EB-9647-FCF28F1BA9D1}.Release|x64.Build.0 = Release|Any CPU
		{9871BA45-3418-48EB-9647-FCF28F1BA9D1}.Release|x86.ActiveCfg = Release|Any CPU
		{9871BA45-3418-48EB-9647-FCF28F1BA9D1}.Release|x86.Build.0 = Release|Any CPU
		{38C42588-1AD8-4B74-9092-4346F7979A5C}.Debug|Any CPU.ActiveCfg = Debug|Any CPU
		{38C42588-1AD8-4B74-9092-4346F7979A5C}.Debug|Any CPU.Build.0 = Debug|Any CPU
		{38C42588-1AD8-4B74-9092-4346F7979A5C}.Debug|x64.ActiveCfg = Debug|Any CPU
		{38C42588-1AD8-4B74-9092-4346F7979A5C}.Debug|x64.Build.0 = Debug|Any CPU
		{38C42588-1AD8-4B74-9092-4346F7979A5C}.Debug|x86.ActiveCfg = Debug|Any CPU
		{38C42588-1AD8-4B74-9092-4346F7979A5C}.Debug|x86.Build.0 = Debug|Any CPU
		{38C42588-1AD8-4B74-9092-4346F7979A5C}.Release|Any CPU.ActiveCfg = Release|Any CPU
		{38C42588-1AD8-4B74-9092-4346F7979A5C}.Release|Any CPU.Build.0 = Release|Any CPU
		{38C42588-1AD8-4B74-9092-4346F7979A5C}.Release|x64.ActiveCfg = Release|Any CPU
		{38C42588-1AD8-4B74-9092-4346F7979A5C}.Release|x64.Build.0 = Release|Any CPU
		{38C42588-1AD8-4B74-9092-4346F7979A5C}.Release|x86.ActiveCfg = Release|Any CPU
		{38C42588-1AD8-4B74-9092-4346F7979A5C}.Release|x86.Build.0 = Release|Any CPU
		{97388253-B195-4A2C-9D50-1481FA608CBA}.Debug|Any CPU.ActiveCfg = Debug|Any CPU
		{97388253-B195-4A2C-9D50-1481FA608CBA}.Debug|Any CPU.Build.0 = Debug|Any CPU
		{97388253-B195-4A2C-9D50-1481FA608CBA}.Debug|x64.ActiveCfg = Debug|Any CPU
		{97388253-B195-4A2C-9D50-1481FA608CBA}.Debug|x64.Build.0 = Debug|Any CPU
		{97388253-B195-4A2C-9D50-1481FA608CBA}.Debug|x86.ActiveCfg = Debug|Any CPU
		{97388253-B195-4A2C-9D50-1481FA608CBA}.Debug|x86.Build.0 = Debug|Any CPU
		{97388253-B195-4A2C-9D50-1481FA608CBA}.Release|Any CPU.ActiveCfg = Release|Any CPU
		{97388253-B195-4A2C-9D50-1481FA608CBA}.Release|Any CPU.Build.0 = Release|Any CPU
		{97388253-B195-4A2C-9D50-1481FA608CBA}.Release|x64.ActiveCfg = Release|Any CPU
		{97388253-B195-4A2C-9D50-1481FA608CBA}.Release|x64.Build.0 = Release|Any CPU
		{97388253-B195-4A2C-9D50-1481FA608CBA}.Release|x86.ActiveCfg = Release|Any CPU
		{97388253-B195-4A2C-9D50-1481FA608CBA}.Release|x86.Build.0 = Release|Any CPU
		{D34BBDDE-4AD6-4835-BE4E-E1A8E59AC716}.Debug|Any CPU.ActiveCfg = Debug|Any CPU
		{D34BBDDE-4AD6-4835-BE4E-E1A8E59AC716}.Debug|Any CPU.Build.0 = Debug|Any CPU
		{D34BBDDE-4AD6-4835-BE4E-E1A8E59AC716}.Debug|x64.ActiveCfg = Debug|Any CPU
		{D34BBDDE-4AD6-4835-BE4E-E1A8E59AC716}.Debug|x64.Build.0 = Debug|Any CPU
		{D34BBDDE-4AD6-4835-BE4E-E1A8E59AC716}.Debug|x86.ActiveCfg = Debug|Any CPU
		{D34BBDDE-4AD6-4835-BE4E-E1A8E59AC716}.Debug|x86.Build.0 = Debug|Any CPU
		{D34BBDDE-4AD6-4835-BE4E-E1A8E59AC716}.Release|Any CPU.ActiveCfg = Release|Any CPU
		{D34BBDDE-4AD6-4835-BE4E-E1A8E59AC716}.Release|Any CPU.Build.0 = Release|Any CPU
		{D34BBDDE-4AD6-4835-BE4E-E1A8E59AC716}.Release|x64.ActiveCfg = Release|Any CPU
		{D34BBDDE-4AD6-4835-BE4E-E1A8E59AC716}.Release|x64.Build.0 = Release|Any CPU
		{D34BBDDE-4AD6-4835-BE4E-E1A8E59AC716}.Release|x86.ActiveCfg = Release|Any CPU
		{D34BBDDE-4AD6-4835-BE4E-E1A8E59AC716}.Release|x86.Build.0 = Release|Any CPU
		{0213FDA2-1675-4C3F-A7F1-02D2E212647C}.Debug|Any CPU.ActiveCfg = Debug|Any CPU
		{0213FDA2-1675-4C3F-A7F1-02D2E212647C}.Debug|Any CPU.Build.0 = Debug|Any CPU
		{0213FDA2-1675-4C3F-A7F1-02D2E212647C}.Debug|x64.ActiveCfg = Debug|Any CPU
		{0213FDA2-1675-4C3F-A7F1-02D2E212647C}.Debug|x64.Build.0 = Debug|Any CPU
		{0213FDA2-1675-4C3F-A7F1-02D2E212647C}.Debug|x86.ActiveCfg = Debug|Any CPU
		{0213FDA2-1675-4C3F-A7F1-02D2E212647C}.Debug|x86.Build.0 = Debug|Any CPU
		{0213FDA2-1675-4C3F-A7F1-02D2E212647C}.Release|Any CPU.ActiveCfg = Release|Any CPU
		{0213FDA2-1675-4C3F-A7F1-02D2E212647C}.Release|Any CPU.Build.0 = Release|Any CPU
		{0213FDA2-1675-4C3F-A7F1-02D2E212647C}.Release|x64.ActiveCfg = Release|Any CPU
		{0213FDA2-1675-4C3F-A7F1-02D2E212647C}.Release|x64.Build.0 = Release|Any CPU
		{0213FDA2-1675-4C3F-A7F1-02D2E212647C}.Release|x86.ActiveCfg = Release|Any CPU
		{0213FDA2-1675-4C3F-A7F1-02D2E212647C}.Release|x86.Build.0 = Release|Any CPU
		{6C3E52A5-2C01-4829-9209-22874C792803}.Debug|Any CPU.ActiveCfg = Debug|Any CPU
		{6C3E52A5-2C01-4829-9209-22874C792803}.Debug|Any CPU.Build.0 = Debug|Any CPU
		{6C3E52A5-2C01-4829-9209-22874C792803}.Debug|x64.ActiveCfg = Debug|Any CPU
		{6C3E52A5-2C01-4829-9209-22874C792803}.Debug|x64.Build.0 = Debug|Any CPU
		{6C3E52A5-2C01-4829-9209-22874C792803}.Debug|x86.ActiveCfg = Debug|Any CPU
		{6C3E52A5-2C01-4829-9209-22874C792803}.Debug|x86.Build.0 = Debug|Any CPU
		{6C3E52A5-2C01-4829-9209-22874C792803}.Release|Any CPU.ActiveCfg = Release|Any CPU
		{6C3E52A5-2C01-4829-9209-22874C792803}.Release|Any CPU.Build.0 = Release|Any CPU
		{6C3E52A5-2C01-4829-9209-22874C792803}.Release|x64.ActiveCfg = Release|Any CPU
		{6C3E52A5-2C01-4829-9209-22874C792803}.Release|x64.Build.0 = Release|Any CPU
		{6C3E52A5-2C01-4829-9209-22874C792803}.Release|x86.ActiveCfg = Release|Any CPU
		{6C3E52A5-2C01-4829-9209-22874C792803}.Release|x86.Build.0 = Release|Any CPU
		{A10EE5EF-F5AB-487D-B964-C55679571C2D}.Debug|Any CPU.ActiveCfg = Debug|Any CPU
		{A10EE5EF-F5AB-487D-B964-C55679571C2D}.Debug|Any CPU.Build.0 = Debug|Any CPU
		{A10EE5EF-F5AB-487D-B964-C55679571C2D}.Debug|x64.ActiveCfg = Debug|Any CPU
		{A10EE5EF-F5AB-487D-B964-C55679571C2D}.Debug|x64.Build.0 = Debug|Any CPU
		{A10EE5EF-F5AB-487D-B964-C55679571C2D}.Debug|x86.ActiveCfg = Debug|Any CPU
		{A10EE5EF-F5AB-487D-B964-C55679571C2D}.Debug|x86.Build.0 = Debug|Any CPU
		{A10EE5EF-F5AB-487D-B964-C55679571C2D}.Release|Any CPU.ActiveCfg = Release|Any CPU
		{A10EE5EF-F5AB-487D-B964-C55679571C2D}.Release|Any CPU.Build.0 = Release|Any CPU
		{A10EE5EF-F5AB-487D-B964-C55679571C2D}.Release|x64.ActiveCfg = Release|Any CPU
		{A10EE5EF-F5AB-487D-B964-C55679571C2D}.Release|x64.Build.0 = Release|Any CPU
		{A10EE5EF-F5AB-487D-B964-C55679571C2D}.Release|x86.ActiveCfg = Release|Any CPU
		{A10EE5EF-F5AB-487D-B964-C55679571C2D}.Release|x86.Build.0 = Release|Any CPU
		{5E6ECB5C-98EC-4685-A9E9-734D6B6A1321}.Debug|Any CPU.ActiveCfg = Debug|Any CPU
		{5E6ECB5C-98EC-4685-A9E9-734D6B6A1321}.Debug|Any CPU.Build.0 = Debug|Any CPU
		{5E6ECB5C-98EC-4685-A9E9-734D6B6A1321}.Debug|x64.ActiveCfg = Debug|Any CPU
		{5E6ECB5C-98EC-4685-A9E9-734D6B6A1321}.Debug|x64.Build.0 = Debug|Any CPU
		{5E6ECB5C-98EC-4685-A9E9-734D6B6A1321}.Debug|x86.ActiveCfg = Debug|Any CPU
		{5E6ECB5C-98EC-4685-A9E9-734D6B6A1321}.Debug|x86.Build.0 = Debug|Any CPU
		{5E6ECB5C-98EC-4685-A9E9-734D6B6A1321}.Release|Any CPU.ActiveCfg = Release|Any CPU
		{5E6ECB5C-98EC-4685-A9E9-734D6B6A1321}.Release|Any CPU.Build.0 = Release|Any CPU
		{5E6ECB5C-98EC-4685-A9E9-734D6B6A1321}.Release|x64.ActiveCfg = Release|Any CPU
		{5E6ECB5C-98EC-4685-A9E9-734D6B6A1321}.Release|x64.Build.0 = Release|Any CPU
		{5E6ECB5C-98EC-4685-A9E9-734D6B6A1321}.Release|x86.ActiveCfg = Release|Any CPU
		{5E6ECB5C-98EC-4685-A9E9-734D6B6A1321}.Release|x86.Build.0 = Release|Any CPU
		{073D3205-30AE-4BD5-B28B-AD44073218AE}.Debug|Any CPU.ActiveCfg = Debug|Any CPU
		{073D3205-30AE-4BD5-B28B-AD44073218AE}.Debug|Any CPU.Build.0 = Debug|Any CPU
		{073D3205-30AE-4BD5-B28B-AD44073218AE}.Debug|x64.ActiveCfg = Debug|Any CPU
		{073D3205-30AE-4BD5-B28B-AD44073218AE}.Debug|x64.Build.0 = Debug|Any CPU
		{073D3205-30AE-4BD5-B28B-AD44073218AE}.Debug|x86.ActiveCfg = Debug|Any CPU
		{073D3205-30AE-4BD5-B28B-AD44073218AE}.Debug|x86.Build.0 = Debug|Any CPU
		{073D3205-30AE-4BD5-B28B-AD44073218AE}.Release|Any CPU.ActiveCfg = Release|Any CPU
		{073D3205-30AE-4BD5-B28B-AD44073218AE}.Release|Any CPU.Build.0 = Release|Any CPU
		{073D3205-30AE-4BD5-B28B-AD44073218AE}.Release|x64.ActiveCfg = Release|Any CPU
		{073D3205-30AE-4BD5-B28B-AD44073218AE}.Release|x64.Build.0 = Release|Any CPU
		{073D3205-30AE-4BD5-B28B-AD44073218AE}.Release|x86.ActiveCfg = Release|Any CPU
		{073D3205-30AE-4BD5-B28B-AD44073218AE}.Release|x86.Build.0 = Release|Any CPU
		{BDA5D424-2F4D-4CAD-83CC-656DEEE2F682}.Debug|Any CPU.ActiveCfg = Debug|Any CPU
		{BDA5D424-2F4D-4CAD-83CC-656DEEE2F682}.Debug|Any CPU.Build.0 = Debug|Any CPU
		{BDA5D424-2F4D-4CAD-83CC-656DEEE2F682}.Debug|x64.ActiveCfg = Debug|Any CPU
		{BDA5D424-2F4D-4CAD-83CC-656DEEE2F682}.Debug|x64.Build.0 = Debug|Any CPU
		{BDA5D424-2F4D-4CAD-83CC-656DEEE2F682}.Debug|x86.ActiveCfg = Debug|Any CPU
		{BDA5D424-2F4D-4CAD-83CC-656DEEE2F682}.Debug|x86.Build.0 = Debug|Any CPU
		{BDA5D424-2F4D-4CAD-83CC-656DEEE2F682}.Release|Any CPU.ActiveCfg = Release|Any CPU
		{BDA5D424-2F4D-4CAD-83CC-656DEEE2F682}.Release|Any CPU.Build.0 = Release|Any CPU
		{BDA5D424-2F4D-4CAD-83CC-656DEEE2F682}.Release|x64.ActiveCfg = Release|Any CPU
		{BDA5D424-2F4D-4CAD-83CC-656DEEE2F682}.Release|x64.Build.0 = Release|Any CPU
		{BDA5D424-2F4D-4CAD-83CC-656DEEE2F682}.Release|x86.ActiveCfg = Release|Any CPU
		{BDA5D424-2F4D-4CAD-83CC-656DEEE2F682}.Release|x86.Build.0 = Release|Any CPU
		{D730A7CB-99FE-48F9-9FC8-6CB56F7F1892}.Debug|Any CPU.ActiveCfg = Debug|Any CPU
		{D730A7CB-99FE-48F9-9FC8-6CB56F7F1892}.Debug|Any CPU.Build.0 = Debug|Any CPU
		{D730A7CB-99FE-48F9-9FC8-6CB56F7F1892}.Debug|x64.ActiveCfg = Debug|Any CPU
		{D730A7CB-99FE-48F9-9FC8-6CB56F7F1892}.Debug|x64.Build.0 = Debug|Any CPU
		{D730A7CB-99FE-48F9-9FC8-6CB56F7F1892}.Debug|x86.ActiveCfg = Debug|Any CPU
		{D730A7CB-99FE-48F9-9FC8-6CB56F7F1892}.Debug|x86.Build.0 = Debug|Any CPU
		{D730A7CB-99FE-48F9-9FC8-6CB56F7F1892}.Release|Any CPU.ActiveCfg = Release|Any CPU
		{D730A7CB-99FE-48F9-9FC8-6CB56F7F1892}.Release|Any CPU.Build.0 = Release|Any CPU
		{D730A7CB-99FE-48F9-9FC8-6CB56F7F1892}.Release|x64.ActiveCfg = Release|Any CPU
		{D730A7CB-99FE-48F9-9FC8-6CB56F7F1892}.Release|x64.Build.0 = Release|Any CPU
		{D730A7CB-99FE-48F9-9FC8-6CB56F7F1892}.Release|x86.ActiveCfg = Release|Any CPU
		{D730A7CB-99FE-48F9-9FC8-6CB56F7F1892}.Release|x86.Build.0 = Release|Any CPU
		{6955B27A-EBB2-452D-8460-CE3B1855A6B4}.Debug|Any CPU.ActiveCfg = Debug|Any CPU
		{6955B27A-EBB2-452D-8460-CE3B1855A6B4}.Debug|Any CPU.Build.0 = Debug|Any CPU
		{6955B27A-EBB2-452D-8460-CE3B1855A6B4}.Debug|x64.ActiveCfg = Debug|Any CPU
		{6955B27A-EBB2-452D-8460-CE3B1855A6B4}.Debug|x64.Build.0 = Debug|Any CPU
		{6955B27A-EBB2-452D-8460-CE3B1855A6B4}.Debug|x86.ActiveCfg = Debug|Any CPU
		{6955B27A-EBB2-452D-8460-CE3B1855A6B4}.Debug|x86.Build.0 = Debug|Any CPU
		{6955B27A-EBB2-452D-8460-CE3B1855A6B4}.Release|Any CPU.ActiveCfg = Release|Any CPU
		{6955B27A-EBB2-452D-8460-CE3B1855A6B4}.Release|Any CPU.Build.0 = Release|Any CPU
		{6955B27A-EBB2-452D-8460-CE3B1855A6B4}.Release|x64.ActiveCfg = Release|Any CPU
		{6955B27A-EBB2-452D-8460-CE3B1855A6B4}.Release|x64.Build.0 = Release|Any CPU
		{6955B27A-EBB2-452D-8460-CE3B1855A6B4}.Release|x86.ActiveCfg = Release|Any CPU
		{6955B27A-EBB2-452D-8460-CE3B1855A6B4}.Release|x86.Build.0 = Release|Any CPU
		{037A1909-9931-4EA7-A76D-447F789F77EA}.Debug|Any CPU.ActiveCfg = Debug|Any CPU
		{037A1909-9931-4EA7-A76D-447F789F77EA}.Debug|Any CPU.Build.0 = Debug|Any CPU
		{037A1909-9931-4EA7-A76D-447F789F77EA}.Debug|x64.ActiveCfg = Debug|Any CPU
		{037A1909-9931-4EA7-A76D-447F789F77EA}.Debug|x64.Build.0 = Debug|Any CPU
		{037A1909-9931-4EA7-A76D-447F789F77EA}.Debug|x86.ActiveCfg = Debug|Any CPU
		{037A1909-9931-4EA7-A76D-447F789F77EA}.Debug|x86.Build.0 = Debug|Any CPU
		{037A1909-9931-4EA7-A76D-447F789F77EA}.Release|Any CPU.ActiveCfg = Release|Any CPU
		{037A1909-9931-4EA7-A76D-447F789F77EA}.Release|Any CPU.Build.0 = Release|Any CPU
		{037A1909-9931-4EA7-A76D-447F789F77EA}.Release|x64.ActiveCfg = Release|Any CPU
		{037A1909-9931-4EA7-A76D-447F789F77EA}.Release|x64.Build.0 = Release|Any CPU
		{037A1909-9931-4EA7-A76D-447F789F77EA}.Release|x86.ActiveCfg = Release|Any CPU
		{037A1909-9931-4EA7-A76D-447F789F77EA}.Release|x86.Build.0 = Release|Any CPU
		{A4C8B1B9-386C-4A26-B6C3-A296FB7395A9}.Debug|Any CPU.ActiveCfg = Debug|Any CPU
		{A4C8B1B9-386C-4A26-B6C3-A296FB7395A9}.Debug|Any CPU.Build.0 = Debug|Any CPU
		{A4C8B1B9-386C-4A26-B6C3-A296FB7395A9}.Debug|x64.ActiveCfg = Debug|Any CPU
		{A4C8B1B9-386C-4A26-B6C3-A296FB7395A9}.Debug|x64.Build.0 = Debug|Any CPU
		{A4C8B1B9-386C-4A26-B6C3-A296FB7395A9}.Debug|x86.ActiveCfg = Debug|Any CPU
		{A4C8B1B9-386C-4A26-B6C3-A296FB7395A9}.Debug|x86.Build.0 = Debug|Any CPU
		{A4C8B1B9-386C-4A26-B6C3-A296FB7395A9}.Release|Any CPU.ActiveCfg = Release|Any CPU
		{A4C8B1B9-386C-4A26-B6C3-A296FB7395A9}.Release|Any CPU.Build.0 = Release|Any CPU
		{A4C8B1B9-386C-4A26-B6C3-A296FB7395A9}.Release|x64.ActiveCfg = Release|Any CPU
		{A4C8B1B9-386C-4A26-B6C3-A296FB7395A9}.Release|x64.Build.0 = Release|Any CPU
		{A4C8B1B9-386C-4A26-B6C3-A296FB7395A9}.Release|x86.ActiveCfg = Release|Any CPU
		{A4C8B1B9-386C-4A26-B6C3-A296FB7395A9}.Release|x86.Build.0 = Release|Any CPU
		{3B521539-0C72-4A05-99AC-3EC682619727}.Debug|Any CPU.ActiveCfg = Debug|Any CPU
		{3B521539-0C72-4A05-99AC-3EC682619727}.Debug|Any CPU.Build.0 = Debug|Any CPU
		{3B521539-0C72-4A05-99AC-3EC682619727}.Debug|x64.ActiveCfg = Debug|Any CPU
		{3B521539-0C72-4A05-99AC-3EC682619727}.Debug|x64.Build.0 = Debug|Any CPU
		{3B521539-0C72-4A05-99AC-3EC682619727}.Debug|x86.ActiveCfg = Debug|Any CPU
		{3B521539-0C72-4A05-99AC-3EC682619727}.Debug|x86.Build.0 = Debug|Any CPU
		{3B521539-0C72-4A05-99AC-3EC682619727}.Release|Any CPU.ActiveCfg = Release|Any CPU
		{3B521539-0C72-4A05-99AC-3EC682619727}.Release|Any CPU.Build.0 = Release|Any CPU
		{3B521539-0C72-4A05-99AC-3EC682619727}.Release|x64.ActiveCfg = Release|Any CPU
		{3B521539-0C72-4A05-99AC-3EC682619727}.Release|x64.Build.0 = Release|Any CPU
		{3B521539-0C72-4A05-99AC-3EC682619727}.Release|x86.ActiveCfg = Release|Any CPU
		{3B521539-0C72-4A05-99AC-3EC682619727}.Release|x86.Build.0 = Release|Any CPU
		{76216B7C-BD0F-40AC-94A5-711518830C07}.Debug|Any CPU.ActiveCfg = Debug|Any CPU
		{76216B7C-BD0F-40AC-94A5-711518830C07}.Debug|Any CPU.Build.0 = Debug|Any CPU
		{76216B7C-BD0F-40AC-94A5-711518830C07}.Debug|x64.ActiveCfg = Debug|Any CPU
		{76216B7C-BD0F-40AC-94A5-711518830C07}.Debug|x64.Build.0 = Debug|Any CPU
		{76216B7C-BD0F-40AC-94A5-711518830C07}.Debug|x86.ActiveCfg = Debug|Any CPU
		{76216B7C-BD0F-40AC-94A5-711518830C07}.Debug|x86.Build.0 = Debug|Any CPU
		{76216B7C-BD0F-40AC-94A5-711518830C07}.Release|Any CPU.ActiveCfg = Release|Any CPU
		{76216B7C-BD0F-40AC-94A5-711518830C07}.Release|Any CPU.Build.0 = Release|Any CPU
		{76216B7C-BD0F-40AC-94A5-711518830C07}.Release|x64.ActiveCfg = Release|Any CPU
		{76216B7C-BD0F-40AC-94A5-711518830C07}.Release|x64.Build.0 = Release|Any CPU
		{76216B7C-BD0F-40AC-94A5-711518830C07}.Release|x86.ActiveCfg = Release|Any CPU
		{76216B7C-BD0F-40AC-94A5-711518830C07}.Release|x86.Build.0 = Release|Any CPU
		{982A8439-D56D-41E2-834F-CA0E89146007}.Debug|Any CPU.ActiveCfg = Debug|Any CPU
		{982A8439-D56D-41E2-834F-CA0E89146007}.Debug|Any CPU.Build.0 = Debug|Any CPU
		{982A8439-D56D-41E2-834F-CA0E89146007}.Debug|x64.ActiveCfg = Debug|Any CPU
		{982A8439-D56D-41E2-834F-CA0E89146007}.Debug|x64.Build.0 = Debug|Any CPU
		{982A8439-D56D-41E2-834F-CA0E89146007}.Debug|x86.ActiveCfg = Debug|Any CPU
		{982A8439-D56D-41E2-834F-CA0E89146007}.Debug|x86.Build.0 = Debug|Any CPU
		{982A8439-D56D-41E2-834F-CA0E89146007}.Release|Any CPU.ActiveCfg = Release|Any CPU
		{982A8439-D56D-41E2-834F-CA0E89146007}.Release|Any CPU.Build.0 = Release|Any CPU
		{982A8439-D56D-41E2-834F-CA0E89146007}.Release|x64.ActiveCfg = Release|Any CPU
		{982A8439-D56D-41E2-834F-CA0E89146007}.Release|x64.Build.0 = Release|Any CPU
		{982A8439-D56D-41E2-834F-CA0E89146007}.Release|x86.ActiveCfg = Release|Any CPU
		{982A8439-D56D-41E2-834F-CA0E89146007}.Release|x86.Build.0 = Release|Any CPU
	EndGlobalSection
	GlobalSection(SolutionProperties) = preSolution
		HideSolutionNode = FALSE
	EndGlobalSection
	GlobalSection(NestedProjects) = preSolution
		{38C42588-1AD8-4B74-9092-4346F7979A5C} = {4F52FD11-658E-A102-6CD3-7D7C16FFA15B}
		{97388253-B195-4A2C-9D50-1481FA608CBA} = {4F52FD11-658E-A102-6CD3-7D7C16FFA15B}
		{D34BBDDE-4AD6-4835-BE4E-E1A8E59AC716} = {4F52FD11-658E-A102-6CD3-7D7C16FFA15B}
		{0213FDA2-1675-4C3F-A7F1-02D2E212647C} = {4F52FD11-658E-A102-6CD3-7D7C16FFA15B}
		{378295AF-C144-6721-7CFF-8DE6E58ED8C7} = {5854FF58-B8C5-05C6-5BF2-ACE42193F22B}
		{6C3E52A5-2C01-4829-9209-22874C792803} = {378295AF-C144-6721-7CFF-8DE6E58ED8C7}
		{A10EE5EF-F5AB-487D-B964-C55679571C2D} = {378295AF-C144-6721-7CFF-8DE6E58ED8C7}
		{5E6ECB5C-98EC-4685-A9E9-734D6B6A1321} = {378295AF-C144-6721-7CFF-8DE6E58ED8C7}
		{073D3205-30AE-4BD5-B28B-AD44073218AE} = {378295AF-C144-6721-7CFF-8DE6E58ED8C7}
		{478E6461-DE7A-4D22-8E1A-CDA781F58E7C} = {5854FF58-B8C5-05C6-5BF2-ACE42193F22B}
		{BDA5D424-2F4D-4CAD-83CC-656DEEE2F682} = {478E6461-DE7A-4D22-8E1A-CDA781F58E7C}
		{D730A7CB-99FE-48F9-9FC8-6CB56F7F1892} = {478E6461-DE7A-4D22-8E1A-CDA781F58E7C}
		{6955B27A-EBB2-452D-8460-CE3B1855A6B4} = {478E6461-DE7A-4D22-8E1A-CDA781F58E7C}
		{037A1909-9931-4EA7-A76D-447F789F77EA} = {478E6461-DE7A-4D22-8E1A-CDA781F58E7C}
		{CB269384-0C7F-461D-BEBB-44454656935D} = {5854FF58-B8C5-05C6-5BF2-ACE42193F22B}
		{A4C8B1B9-386C-4A26-B6C3-A296FB7395A9} = {CB269384-0C7F-461D-BEBB-44454656935D}
		{3B521539-0C72-4A05-99AC-3EC682619727} = {CB269384-0C7F-461D-BEBB-44454656935D}
		{76216B7C-BD0F-40AC-94A5-711518830C07} = {CB269384-0C7F-461D-BEBB-44454656935D}
		{982A8439-D56D-41E2-834F-CA0E89146007} = {CB269384-0C7F-461D-BEBB-44454656935D}
	EndGlobalSection
EndGlobal
