
Microsoft Visual Studio Solution File, Format Version 12.00
# Visual Studio Version 17
VisualStudioVersion = 17.0.31903.59
MinimumVisualStudioVersion = 10.0.40219.1
Project("{FAE04EC0-301F-11D3-BF4B-00C04F79EFBC}") = "TaskService.Worker", "TaskService.Worker\TaskService.Worker.csproj", "{BEDFADC9-C5DD-4878-B39A-C01D9ABC94AB}"
EndProject
Project("{FAE04EC0-301F-11D3-BF4B-00C04F79EFBC}") = "TaskService.Jobs", "TaskService.Jobs\TaskService.Jobs.csproj", "{1C7429F6-C71B-4404-B64F-812CB75CAC9E}"
EndProject
Project("{FAE04EC0-301F-11D3-BF4B-00C04F79EFBC}") = "TaskService.Consumers", "TaskService.Consumers\TaskService.Consumers.csproj", "{93D9D669-A94B-4576-9B05-873B834B7CC3}"
EndProject
Global
	GlobalSection(SolutionConfigurationPlatforms) = preSolution
		Debug|Any CPU = Debug|Any CPU
		Debug|x64 = Debug|x64
		Debug|x86 = Debug|x86
		Release|Any CPU = Release|Any CPU
		Release|x64 = Release|x64
		Release|x86 = Release|x86
	EndGlobalSection
	GlobalSection(ProjectConfigurationPlatforms) = postSolution
		{BEDFADC9-C5DD-4878-B39A-C01D9ABC94AB}.Debug|Any CPU.ActiveCfg = Debug|Any CPU
		{BEDFADC9-C5DD-4878-B39A-C01D9ABC94AB}.Debug|Any CPU.Build.0 = Debug|Any CPU
		{BEDFADC9-C5DD-4878-B39A-C01D9ABC94AB}.Debug|x64.ActiveCfg = Debug|Any CPU
		{BEDFADC9-C5DD-4878-B39A-C01D9ABC94AB}.Debug|x64.Build.0 = Debug|Any CPU
		{BEDFADC9-C5DD-4878-B39A-C01D9ABC94AB}.Debug|x86.ActiveCfg = Debug|Any CPU
		{BEDFADC9-C5DD-4878-B39A-C01D9ABC94AB}.Debug|x86.Build.0 = Debug|Any CPU
		{BEDFADC9-C5DD-4878-B39A-C01D9ABC94AB}.Release|Any CPU.ActiveCfg = Release|Any CPU
		{BEDFADC9-C5DD-4878-B39A-C01D9ABC94AB}.Release|Any CPU.Build.0 = Release|Any CPU
		{BEDFADC9-C5DD-4878-B39A-C01D9ABC94AB}.Release|x64.ActiveCfg = Release|Any CPU
		{BEDFADC9-C5DD-4878-B39A-C01D9ABC94AB}.Release|x64.Build.0 = Release|Any CPU
		{BEDFADC9-C5DD-4878-B39A-C01D9ABC94AB}.Release|x86.ActiveCfg = Release|Any CPU
		{BEDFADC9-C5DD-4878-B39A-C01D9ABC94AB}.Release|x86.Build.0 = Release|Any CPU
		{1C7429F6-C71B-4404-B64F-812CB75CAC9E}.Debug|Any CPU.ActiveCfg = Debug|Any CPU
		{1C7429F6-C71B-4404-B64F-812CB75CAC9E}.Debug|Any CPU.Build.0 = Debug|Any CPU
		{1C7429F6-C71B-4404-B64F-812CB75CAC9E}.Debug|x64.ActiveCfg = Debug|Any CPU
		{1C7429F6-C71B-4404-B64F-812CB75CAC9E}.Debug|x64.Build.0 = Debug|Any CPU
		{1C7429F6-C71B-4404-B64F-812CB75CAC9E}.Debug|x86.ActiveCfg = Debug|Any CPU
		{1C7429F6-C71B-4404-B64F-812CB75CAC9E}.Debug|x86.Build.0 = Debug|Any CPU
		{1C7429F6-C71B-4404-B64F-812CB75CAC9E}.Release|Any CPU.ActiveCfg = Release|Any CPU
		{1C7429F6-C71B-4404-B64F-812CB75CAC9E}.Release|Any CPU.Build.0 = Release|Any CPU
		{1C7429F6-C71B-4404-B64F-812CB75CAC9E}.Release|x64.ActiveCfg = Release|Any CPU
		{1C7429F6-C71B-4404-B64F-812CB75CAC9E}.Release|x64.Build.0 = Release|Any CPU
		{1C7429F6-C71B-4404-B64F-812CB75CAC9E}.Release|x86.ActiveCfg = Release|Any CPU
		{1C7429F6-C71B-4404-B64F-812CB75CAC9E}.Release|x86.Build.0 = Release|Any CPU
		{93D9D669-A94B-4576-9B05-873B834B7CC3}.Debug|Any CPU.ActiveCfg = Debug|Any CPU
		{93D9D669-A94B-4576-9B05-873B834B7CC3}.Debug|Any CPU.Build.0 = Debug|Any CPU
		{93D9D669-A94B-4576-9B05-873B834B7CC3}.Debug|x64.ActiveCfg = Debug|Any CPU
		{93D9D669-A94B-4576-9B05-873B834B7CC3}.Debug|x64.Build.0 = Debug|Any CPU
		{93D9D669-A94B-4576-9B05-873B834B7CC3}.Debug|x86.ActiveCfg = Debug|Any CPU
		{93D9D669-A94B-4576-9B05-873B834B7CC3}.Debug|x86.Build.0 = Debug|Any CPU
		{93D9D669-A94B-4576-9B05-873B834B7CC3}.Release|Any CPU.ActiveCfg = Release|Any CPU
		{93D9D669-A94B-4576-9B05-873B834B7CC3}.Release|Any CPU.Build.0 = Release|Any CPU
		{93D9D669-A94B-4576-9B05-873B834B7CC3}.Release|x64.ActiveCfg = Release|Any CPU
		{93D9D669-A94B-4576-9B05-873B834B7CC3}.Release|x64.Build.0 = Release|Any CPU
		{93D9D669-A94B-4576-9B05-873B834B7CC3}.Release|x86.ActiveCfg = Release|Any CPU
		{93D9D669-A94B-4576-9B05-873B834B7CC3}.Release|x86.Build.0 = Release|Any CPU
	EndGlobalSection
	GlobalSection(SolutionProperties) = preSolution
		HideSolutionNode = FALSE
	EndGlobalSection
EndGlobal
